{
  "nodes": {
    "agenix": {
      "inputs": {
        "darwin": "darwin",
        "nixpkgs": [
          "ragenix",
          "nixpkgs"
        ]
      },
      "locked": {
        "lastModified": 1682101079,
        "narHash": "sha256-MdAhtjrLKnk2uiqun1FWABbKpLH090oeqCSiWemtuck=",
        "owner": "ryantm",
        "repo": "agenix",
        "rev": "2994d002dcff5353ca1ac48ec584c7f6589fe447",
        "type": "github"
      },
      "original": {
        "owner": "ryantm",
        "repo": "agenix",
        "type": "github"
      }
    },
    "color-theme-buffer-local": {
      "flake": false,
      "locked": {
        "lastModified": 1655838026,
        "narHash": "sha256-wZr3ozkaD2RlUFBwf5KIJjvqI/TihWMVi+lnjs4Of1U=",
        "owner": "matogoro",
        "repo": "color-theme-buffer-local",
        "rev": "1297c33dbc4277b39f5bf5606c5e4f25fce8d98e",
        "type": "github"
      },
      "original": {
        "owner": "matogoro",
        "repo": "color-theme-buffer-local",
        "type": "github"
      }
    },
    "crane": {
      "inputs": {
        "flake-compat": [
          "lanzaboote",
          "flake-compat"
        ],
        "flake-utils": [
          "lanzaboote",
          "flake-utils"
        ],
        "nixpkgs": [
          "lanzaboote",
          "nixpkgs"
        ],
        "rust-overlay": [
          "lanzaboote",
          "rust-overlay"
        ]
      },
      "locked": {
        "lastModified": 1681177078,
        "narHash": "sha256-ZNIjBDou2GOabcpctiQykEQVkI8BDwk7TyvlWlI4myE=",
        "owner": "ipetkov",
        "repo": "crane",
        "rev": "0c9f468ff00576577d83f5019a66c557ede5acf6",
        "type": "github"
      },
      "original": {
        "owner": "ipetkov",
        "repo": "crane",
        "type": "github"
      }
    },
    "crane_2": {
      "inputs": {
        "flake-compat": "flake-compat_2",
        "flake-utils": [
          "ragenix",
          "flake-utils"
        ],
        "nixpkgs": [
          "ragenix",
          "nixpkgs"
        ],
        "rust-overlay": [
          "ragenix",
          "rust-overlay"
        ]
      },
      "locked": {
        "lastModified": 1681680516,
        "narHash": "sha256-EB8Adaeg4zgcYDJn9sR6UMjN/OHdIiMMK19+3LmmXQY=",
        "owner": "ipetkov",
        "repo": "crane",
        "rev": "54b63c8eae4c50172cb50b612946ff1d2bc1c75c",
        "type": "github"
      },
      "original": {
        "owner": "ipetkov",
        "repo": "crane",
        "type": "github"
      }
    },
    "darwin": {
      "inputs": {
        "nixpkgs": [
          "ragenix",
          "agenix",
          "nixpkgs"
        ]
      },
      "locked": {
        "lastModified": 1673295039,
        "narHash": "sha256-AsdYgE8/GPwcelGgrntlijMg4t3hLFJFCRF3tL5WVjA=",
        "owner": "lnl7",
        "repo": "nix-darwin",
        "rev": "87b9d090ad39b25b2400029c64825fc2a8868943",
        "type": "github"
      },
      "original": {
        "owner": "lnl7",
        "ref": "master",
        "repo": "nix-darwin",
        "type": "github"
      }
    },
    "emacs-overlay": {
      "inputs": {
        "flake-utils": "flake-utils",
        "nixpkgs": "nixpkgs"
      },
      "locked": {
        "lastModified": 1683170309,
        "narHash": "sha256-+APLd91AIU491eFp4qf66jnRacFfSqhwW438LNJUlls=",
        "owner": "nix-community",
        "repo": "emacs-overlay",
        "rev": "42a2a718bdcbe389e7ef284666d4aba09339a416",
        "type": "github"
      },
      "original": {
        "owner": "nix-community",
        "repo": "emacs-overlay",
        "rev": "42a2a718bdcbe389e7ef284666d4aba09339a416",
        "type": "github"
      }
    },
    "flake-compat": {
      "flake": false,
      "locked": {
        "lastModified": 1673956053,
        "narHash": "sha256-4gtG9iQuiKITOjNQQeQIpoIB6b16fm+504Ch3sNKLd8=",
        "owner": "edolstra",
        "repo": "flake-compat",
        "rev": "35bb57c0c8d8b62bbfd284272c928ceb64ddbde9",
        "type": "github"
      },
      "original": {
        "owner": "edolstra",
        "repo": "flake-compat",
        "type": "github"
      }
    },
    "flake-compat_2": {
      "flake": false,
      "locked": {
        "lastModified": 1673956053,
        "narHash": "sha256-4gtG9iQuiKITOjNQQeQIpoIB6b16fm+504Ch3sNKLd8=",
        "owner": "edolstra",
        "repo": "flake-compat",
        "rev": "35bb57c0c8d8b62bbfd284272c928ceb64ddbde9",
        "type": "github"
      },
      "original": {
        "owner": "edolstra",
        "repo": "flake-compat",
        "type": "github"
      }
    },
    "flake-compat_3": {
      "flake": false,
      "locked": {
        "lastModified": 1673956053,
        "narHash": "sha256-4gtG9iQuiKITOjNQQeQIpoIB6b16fm+504Ch3sNKLd8=",
        "owner": "edolstra",
        "repo": "flake-compat",
        "rev": "35bb57c0c8d8b62bbfd284272c928ceb64ddbde9",
        "type": "github"
      },
      "original": {
        "owner": "edolstra",
        "repo": "flake-compat",
        "type": "github"
      }
    },
    "flake-parts": {
      "inputs": {
        "nixpkgs-lib": [
          "lanzaboote",
          "nixpkgs"
        ]
      },
      "locked": {
        "lastModified": 1680392223,
        "narHash": "sha256-n3g7QFr85lDODKt250rkZj2IFS3i4/8HBU2yKHO3tqw=",
        "owner": "hercules-ci",
        "repo": "flake-parts",
        "rev": "dcc36e45d054d7bb554c9cdab69093debd91a0b5",
        "type": "github"
      },
      "original": {
        "owner": "hercules-ci",
        "repo": "flake-parts",
        "type": "github"
      }
    },
    "flake-utils": {
      "locked": {
        "lastModified": 1667395993,
        "narHash": "sha256-nuEHfE/LcWyuSWnS8t12N1wc105Qtau+/OdUAjtQ0rA=",
        "owner": "numtide",
        "repo": "flake-utils",
        "rev": "5aed5285a952e0b949eb3ba02c12fa4fcfef535f",
        "type": "github"
      },
      "original": {
        "owner": "numtide",
        "repo": "flake-utils",
        "type": "github"
      }
    },
    "flake-utils_2": {
      "inputs": {
        "systems": "systems"
      },
      "locked": {
        "lastModified": 1681202837,
        "narHash": "sha256-H+Rh19JDwRtpVPAWp64F+rlEtxUWBAQW28eAi3SRSzg=",
        "owner": "numtide",
        "repo": "flake-utils",
        "rev": "cfacdce06f30d2b68473a46042957675eebb3401",
        "type": "github"
      },
      "original": {
        "owner": "numtide",
        "repo": "flake-utils",
        "type": "github"
      }
    },
    "flake-utils_3": {
      "inputs": {
        "systems": "systems_2"
      },
      "locked": {
        "lastModified": 1681202837,
        "narHash": "sha256-H+Rh19JDwRtpVPAWp64F+rlEtxUWBAQW28eAi3SRSzg=",
        "owner": "numtide",
        "repo": "flake-utils",
        "rev": "cfacdce06f30d2b68473a46042957675eebb3401",
        "type": "github"
      },
      "original": {
        "owner": "numtide",
        "repo": "flake-utils",
        "type": "github"
      }
    },
    "gitignore": {
      "inputs": {
        "nixpkgs": [
          "lanzaboote",
          "pre-commit-hooks-nix",
          "nixpkgs"
        ]
      },
      "locked": {
        "lastModified": 1660459072,
        "narHash": "sha256-8DFJjXG8zqoONA1vXtgeKXy68KdJL5UaXR8NtVMUbx8=",
        "owner": "hercules-ci",
        "repo": "gitignore.nix",
        "rev": "a20de23b925fd8264fd7fad6454652e142fd7f73",
        "type": "github"
      },
      "original": {
        "owner": "hercules-ci",
        "repo": "gitignore.nix",
        "type": "github"
      }
    },
    "home-manager": {
      "inputs": {
        "nixpkgs": [
          "nixpkgs-unstable"
        ]
      },
      "locked": {
        "lastModified": 1683762874,
        "narHash": "sha256-EC7EDhzz/HjKppcaJFePlCOZqfVg8fooO/aWWUxwAJU=",
        "owner": "nix-community",
        "repo": "home-manager",
        "rev": "010c26987729d6a2e0e19da6df7c3f0465ae03b3",
        "type": "github"
      },
      "original": {
        "owner": "nix-community",
        "repo": "home-manager",
        "type": "github"
      }
    },
    "hyprland": {
      "inputs": {
        "hyprland-protocols": "hyprland-protocols",
        "nixpkgs": "nixpkgs_2",
        "wlroots": "wlroots",
        "xdph": "xdph"
      },
      "locked": {
        "lastModified": 1683740173,
        "narHash": "sha256-yxFHxphIhKQDdhu6Ne61pR1Ktw5M4KQCYpBwjsznhjA=",
        "owner": "hyprwm",
        "repo": "Hyprland",
        "rev": "f2725a374a5921903bf918fdfd8111b537cbf18f",
        "type": "github"
      },
      "original": {
        "owner": "hyprwm",
        "repo": "Hyprland",
        "type": "github"
      }
    },
    "hyprland-protocols": {
      "inputs": {
        "nixpkgs": [
          "hyprland",
          "nixpkgs"
        ]
      },
      "locked": {
        "lastModified": 1681065697,
        "narHash": "sha256-QPzwwlGKX95tl6ZEshboZbEwwAXww6lNLdVYd6T9Mrc=",
        "owner": "hyprwm",
        "repo": "hyprland-protocols",
        "rev": "4d29e48433270a2af06b8bc711ca1fe5109746cd",
        "type": "github"
      },
      "original": {
        "owner": "hyprwm",
        "repo": "hyprland-protocols",
        "type": "github"
      }
    },
    "isend-mode": {
      "flake": false,
      "locked": {
        "lastModified": 1682742933,
        "narHash": "sha256-6aioF3A+rs7HTRlahs2e8A51y3+fmIdEQFc2xGAgfP0=",
        "owner": "PhDyellow",
        "repo": "isend-mode.el",
        "rev": "699cb0900923d843cd3045718a0aa0d210ed1edc",
        "type": "github"
      },
      "original": {
        "owner": "PhDyellow",
        "repo": "isend-mode.el",
        "type": "github"
      }
    },
    "key-game": {
      "flake": false,
      "locked": {
        "lastModified": 1661521370,
        "narHash": "sha256-gev6XUlpCZw2IZ18AN8/4123bJL6rjL0bpWY+rwzuPM=",
        "owner": "tygrdev",
        "repo": "key-game",
        "rev": "64602d9feac520dfca1aa0c0bf5d0d854d6d20c1",
        "type": "gitlab"
      },
      "original": {
        "owner": "tygrdev",
        "repo": "key-game",
        "type": "gitlab"
      }
    },
    "lanzaboote": {
      "inputs": {
        "crane": "crane",
        "flake-compat": "flake-compat",
        "flake-parts": "flake-parts",
        "flake-utils": "flake-utils_2",
        "nixpkgs": [
          "nixpkgs-unstable"
        ],
        "pre-commit-hooks-nix": "pre-commit-hooks-nix",
        "rust-overlay": "rust-overlay"
      },
      "locked": {
        "lastModified": 1683537316,
        "narHash": "sha256-IBBtYJ33BiyIYYXTMhNDPdj6b1TNe3xKaK+9+vjUCMw=",
        "owner": "nix-community",
        "repo": "lanzaboote",
        "rev": "39e61a0efe98ff0f87df3d24c002e2673b6499cf",
        "type": "github"
      },
      "original": {
        "owner": "nix-community",
        "repo": "lanzaboote",
        "type": "github"
      }
    },
    "nixos-hardware": {
      "locked": {
        "lastModified": 1683269598,
        "narHash": "sha256-KNsb+nBbB1Fmxd07dt4E0KXMT4YeKJB7gQaA6Xfk+mo=",
        "owner": "NixOS",
        "repo": "nixos-hardware",
        "rev": "51559e691f1493a26f94f1df1aaf516bb507e78b",
        "type": "github"
      },
      "original": {
        "owner": "NixOS",
        "ref": "master",
        "repo": "nixos-hardware",
        "type": "github"
      }
    },
    "nixpkgs": {
      "locked": {
        "lastModified": 1673540789,
        "narHash": "sha256-xqnxBOK3qctIeUVxecydrEDbEXjsvHCPGPbvsl63M/U=",
        "owner": "NixOS",
        "repo": "nixpkgs",
        "rev": "0f213d0fee84280d8c3a97f7469b988d6fe5fcdf",
        "type": "github"
      },
      "original": {
        "owner": "NixOS",
        "ref": "nixos-unstable",
        "repo": "nixpkgs",
        "type": "github"
      }
    },
    "nixpkgs-stable": {
      "locked": {
        "lastModified": 1678872516,
        "narHash": "sha256-/E1YwtMtFAu2KUQKV/1+KFuReYPANM2Rzehk84VxVoc=",
        "owner": "NixOS",
        "repo": "nixpkgs",
        "rev": "9b8e5abb18324c7fe9f07cb100c3cd4a29cda8b8",
        "type": "github"
      },
      "original": {
        "owner": "NixOS",
        "ref": "nixos-22.11",
        "repo": "nixpkgs",
        "type": "github"
      }
    },
    "nixpkgs-unstable": {
      "locked": {
        "lastModified": 1683408522,
        "narHash": "sha256-9kcPh6Uxo17a3kK3XCHhcWiV1Yu1kYj22RHiymUhMkU=",
        "owner": "NixOS",
        "repo": "nixpkgs",
        "rev": "897876e4c484f1e8f92009fd11b7d988a121a4e7",
        "type": "github"
      },
      "original": {
        "owner": "NixOS",
        "ref": "nixos-unstable",
        "repo": "nixpkgs",
        "type": "github"
      }
    },
    "nixpkgs_2": {
      "locked": {
        "lastModified": 1683014792,
        "narHash": "sha256-6Va9iVtmmsw4raBc3QKvQT2KT/NGRWlvUlJj46zN8B8=",
        "owner": "NixOS",
        "repo": "nixpkgs",
        "rev": "1a411f23ba299db155a5b45d5e145b85a7aafc42",
        "type": "github"
      },
      "original": {
        "owner": "NixOS",
        "ref": "nixos-unstable",
        "repo": "nixpkgs",
        "type": "github"
      }
    },
    "nixpkgs_3": {
      "locked": {
        "lastModified": 1679318992,
        "narHash": "sha256-uoj5Oy6hruIHuxzfQZtcalObe5kPrX9v+ClUMFEOzmE=",
        "owner": "NixOS",
        "repo": "nixpkgs",
        "rev": "e2c97799da5f5cd87adfa5017fba971771e123ef",
        "type": "github"
      },
      "original": {
        "owner": "NixOS",
        "ref": "nixos-22.11",
        "repo": "nixpkgs",
        "type": "github"
      }
    },
    "nur": {
      "locked": {
        "lastModified": 1683763721,
        "narHash": "sha256-J/rTBhOciiDK1jLGRRR4EmwQzMmKjwvGVH2TAIO5MV8=",
        "owner": "nix-community",
        "repo": "NUR",
        "rev": "d7f8ec81c2994aeb1f79bf2c5bb2e93b85ea448f",
        "type": "github"
      },
      "original": {
        "owner": "nix-community",
        "repo": "NUR",
        "type": "github"
      }
    },
    "objed": {
      "flake": false,
      "locked": {
        "lastModified": 1682744967,
        "narHash": "sha256-SnSwMnsbMp5NRbQ22dTJv/wGCtW10fEY33I+7DOfIpc=",
        "owner": "PhDyellow",
        "repo": "objed",
        "rev": "bf9b38af438d7b04633892bebaa9c19a6a918b80",
        "type": "github"
      },
      "original": {
        "owner": "PhDyellow",
        "ref": "main",
        "repo": "objed",
        "type": "github"
      }
    },
    "org-linker": {
      "flake": false,
      "locked": {
        "lastModified": 1606718856,
        "narHash": "sha256-tOvpQPH8PPdEJeN87paz3MiHrVZqOaRghNHJXm0k4yg=",
        "owner": "toshism",
        "repo": "org-linker",
        "rev": "b0311161d88b9886b64ff0b29e6b4c1bde6c571a",
        "type": "github"
      },
      "original": {
        "owner": "toshism",
        "repo": "org-linker",
        "type": "github"
      }
    },
    "org-linker-edna": {
      "flake": false,
      "locked": {
        "lastModified": 1639729126,
        "narHash": "sha256-mq9hN9I3ts/6jGwvBiOd0caizY3Mj86I7N15LyhSIkU=",
        "owner": "toshism",
        "repo": "org-linker-edna",
        "rev": "3237e64d522c4d8dd9ebe095c93bf19b987cb2d5",
        "type": "github"
      },
      "original": {
        "owner": "toshism",
        "repo": "org-linker-edna",
        "type": "github"
      }
    },
    "org-slt-phdyellow": {
      "flake": false,
      "locked": {
        "lastModified": 1683184332,
        "narHash": "sha256-LcJ5UU40zg0GqYOyUXFlTfx+hY7PbGo7tcOgzXQXkhs=",
        "owner": "PhDyellow",
        "repo": "org-slt-phdyellow",
        "rev": "2ff2c8de4340f09a057188aaaafc5d5a938ab9c7",
        "type": "github"
      },
      "original": {
        "owner": "PhDyellow",
        "ref": "main",
        "repo": "org-slt-phdyellow",
        "type": "github"
      }
    },
    "org-sltypes": {
      "flake": false,
      "locked": {
        "lastModified": 1683183761,
        "narHash": "sha256-PdSzfw2THIpYmnufKOS1gtPTrDg+ePffOsP+oNe3JWY=",
        "owner": "PhDyellow",
        "repo": "org-sltypes",
        "rev": "637b109e49dcc0d0b65d11335ec939da41dcc8bf",
        "type": "github"
      },
      "original": {
        "owner": "PhDyellow",
        "ref": "stable",
        "repo": "org-sltypes",
        "type": "github"
      }
    },
    "org-super-links": {
      "flake": false,
      "locked": {
        "lastModified": 1670961363,
        "narHash": "sha256-OWHUQBKp74sVIFbk8f7Xw7K11jPcR3HIVjpp5xiNwzs=",
        "owner": "toshism",
        "repo": "org-super-links",
        "rev": "0dd9ed22b4785f50c61051170db7c78b522a37ee",
        "type": "github"
      },
      "original": {
        "owner": "toshism",
        "repo": "org-super-links",
        "type": "github"
      }
    },
    "pre-commit-hooks-nix": {
      "inputs": {
        "flake-compat": [
          "lanzaboote",
          "flake-compat"
        ],
        "flake-utils": [
          "lanzaboote",
          "flake-utils"
        ],
        "gitignore": "gitignore",
        "nixpkgs": [
          "lanzaboote",
          "nixpkgs"
        ],
        "nixpkgs-stable": "nixpkgs-stable"
      },
      "locked": {
        "lastModified": 1681413034,
        "narHash": "sha256-/t7OjNQcNkeWeSq/CFLYVBfm+IEnkjoSm9iKvArnUUI=",
        "owner": "cachix",
        "repo": "pre-commit-hooks.nix",
        "rev": "d3de8f69ca88fb6f8b09e5b598be5ac98d28ede5",
        "type": "github"
      },
      "original": {
        "owner": "cachix",
        "repo": "pre-commit-hooks.nix",
        "type": "github"
      }
    },
    "ragenix": {
      "inputs": {
        "agenix": "agenix",
        "crane": "crane_2",
        "flake-utils": "flake-utils_3",
        "nixpkgs": [
          "nixpkgs-unstable"
        ],
        "rust-overlay": "rust-overlay_2"
      },
      "locked": {
        "lastModified": 1682237245,
        "narHash": "sha256-xbBR7LNK+d5Yi/D6FXQGc1R6u2VV2nwr/Df5iaEbOEQ=",
        "owner": "yaxitech",
        "repo": "ragenix",
        "rev": "281f68c3d477904f79ff1cd5807a8c226cd80a50",
        "type": "github"
      },
      "original": {
        "owner": "yaxitech",
        "repo": "ragenix",
        "type": "github"
      }
    },
    "root": {
      "inputs": {
        "color-theme-buffer-local": "color-theme-buffer-local",
        "emacs-overlay": "emacs-overlay",
        "home-manager": "home-manager",
        "hyprland": "hyprland",
        "isend-mode": "isend-mode",
        "key-game": "key-game",
        "lanzaboote": "lanzaboote",
        "nixos-hardware": "nixos-hardware",
        "nixpkgs-unstable": "nixpkgs-unstable",
        "nur": "nur",
        "objed": "objed",
        "org-linker": "org-linker",
        "org-linker-edna": "org-linker-edna",
        "org-slt-phdyellow": "org-slt-phdyellow",
        "org-sltypes": "org-sltypes",
        "org-super-links": "org-super-links",
        "ragenix": "ragenix",
        "smart-tabs-mode": "smart-tabs-mode",
        "tuxedo-nixos": "tuxedo-nixos"
      }
    },
    "rust-overlay": {
      "inputs": {
        "flake-utils": [
          "lanzaboote",
          "flake-utils"
        ],
        "nixpkgs": [
          "lanzaboote",
          "nixpkgs"
        ]
      },
      "locked": {
        "lastModified": 1682129965,
        "narHash": "sha256-1KRPIorEL6pLpJR04FwAqqnt4Tzcm4MqD84yhlD+XSk=",
        "owner": "oxalica",
        "repo": "rust-overlay",
        "rev": "2c417c0460b788328220120c698630947547ee83",
        "type": "github"
      },
      "original": {
        "owner": "oxalica",
        "repo": "rust-overlay",
        "type": "github"
      }
    },
    "rust-overlay_2": {
      "inputs": {
        "flake-utils": [
          "ragenix",
          "flake-utils"
        ],
        "nixpkgs": [
          "ragenix",
          "nixpkgs"
        ]
      },
      "locked": {
        "lastModified": 1682129965,
        "narHash": "sha256-1KRPIorEL6pLpJR04FwAqqnt4Tzcm4MqD84yhlD+XSk=",
        "owner": "oxalica",
        "repo": "rust-overlay",
        "rev": "2c417c0460b788328220120c698630947547ee83",
        "type": "github"
      },
      "original": {
        "owner": "oxalica",
        "repo": "rust-overlay",
        "type": "github"
      }
    },
    "smart-tabs-mode": {
      "flake": false,
      "locked": {
        "lastModified": 1674035768,
        "narHash": "sha256-vV/9exVeGXK461ALkwZ0j+odpSnoNY+L9N1rwesYHBg=",
        "owner": "chep",
        "repo": "smarttabs",
        "rev": "b81904f67cebf7109b0f9cfe271e102962bb42ae",
        "type": "github"
      },
      "original": {
        "owner": "chep",
        "ref": "macro-fix",
        "repo": "smarttabs",
        "type": "github"
      }
    },
    "systems": {
      "locked": {
        "lastModified": 1681028828,
        "narHash": "sha256-Vy1rq5AaRuLzOxct8nz4T6wlgyUR7zLU309k9mBC768=",
        "owner": "nix-systems",
        "repo": "default",
        "rev": "da67096a3b9bf56a91d16901293e51ba5b49a27e",
        "type": "github"
      },
      "original": {
        "owner": "nix-systems",
        "repo": "default",
        "type": "github"
      }
    },
    "systems_2": {
      "locked": {
        "lastModified": 1681028828,
        "narHash": "sha256-Vy1rq5AaRuLzOxct8nz4T6wlgyUR7zLU309k9mBC768=",
        "owner": "nix-systems",
        "repo": "default",
        "rev": "da67096a3b9bf56a91d16901293e51ba5b49a27e",
        "type": "github"
      },
      "original": {
        "owner": "nix-systems",
        "repo": "default",
        "type": "github"
      }
    },
    "tuxedo-nixos": {
      "inputs": {
        "flake-compat": "flake-compat_3",
        "nixpkgs": "nixpkgs_3"
      },
      "locked": {
        "lastModified": 1679526445,
        "narHash": "sha256-uvdYRupUvH/PdwKC9nz2MeNvvPxetgfUFGjn2BefCpc=",
        "owner": "blitz",
        "repo": "tuxedo-nixos",
        "rev": "063bda57fe068179cb65a79949c1ceab29db66c3",
        "type": "github"
      },
      "original": {
        "owner": "blitz",
        "repo": "tuxedo-nixos",
        "type": "github"
      }
    },
    "wlroots": {
      "flake": false,
      "locked": {
        "host": "gitlab.freedesktop.org",
        "lastModified": 1682436395,
        "narHash": "sha256-GGEjkQO9m7YLYIXIXM76HWdhjg4Ye+oafOtyaFAYKI4=",
        "owner": "wlroots",
        "repo": "wlroots",
        "rev": "6830bfc17fd94709e2cdd4da0af989f102a26e59",
        "type": "gitlab"
      },
      "original": {
        "host": "gitlab.freedesktop.org",
        "owner": "wlroots",
        "repo": "wlroots",
        "type": "gitlab"
      }
    },
    "xdph": {
      "inputs": {
        "hyprland-protocols": [
          "hyprland",
          "hyprland-protocols"
        ],
        "nixpkgs": [
          "hyprland",
          "nixpkgs"
        ]
      },
      "locked": {
        "lastModified": 1682439384,
        "narHash": "sha256-zHDa8LCZs05TZHQSIZ3ucwyMPglBGHcqTBzfkLjYXTM=",
        "owner": "hyprwm",
        "repo": "xdg-desktop-portal-hyprland",
        "rev": "c0e233955568fbea4e859336f6d3d14d51294d7c",
        "type": "github"
      },
      "original": {
        "owner": "hyprwm",
        "repo": "xdg-desktop-portal-hyprland",
        "type": "github"
      }
    }
  },
  "root": "root",
  "version": 7
}
