{
  "nodes": {
    "agenix": {
      "inputs": {
        "darwin": "darwin",
        "nixpkgs": [
          "ragenix",
          "nixpkgs"
        ]
      },
      "locked": {
        "lastModified": 1682101079,
        "narHash": "sha256-MdAhtjrLKnk2uiqun1FWABbKpLH090oeqCSiWemtuck=",
        "owner": "ryantm",
        "repo": "agenix",
        "rev": "2994d002dcff5353ca1ac48ec584c7f6589fe447",
        "type": "github"
      },
      "original": {
        "owner": "ryantm",
        "repo": "agenix",
        "type": "github"
      }
    },
    "color-theme-buffer-local": {
      "flake": false,
      "locked": {
        "lastModified": 1655838026,
        "narHash": "sha256-wZr3ozkaD2RlUFBwf5KIJjvqI/TihWMVi+lnjs4Of1U=",
        "owner": "matogoro",
        "repo": "color-theme-buffer-local",
        "rev": "1297c33dbc4277b39f5bf5606c5e4f25fce8d98e",
        "type": "github"
      },
      "original": {
        "owner": "matogoro",
        "repo": "color-theme-buffer-local",
        "type": "github"
      }
    },
    "crane": {
      "inputs": {
        "flake-compat": [
          "lanzaboote",
          "flake-compat"
        ],
        "flake-utils": [
          "lanzaboote",
          "flake-utils"
        ],
        "nixpkgs": [
          "lanzaboote",
          "nixpkgs"
        ],
        "rust-overlay": [
          "lanzaboote",
          "rust-overlay"
        ]
      },
      "locked": {
        "lastModified": 1683505101,
        "narHash": "sha256-VBU64Jfu2V4sUR5+tuQS9erBRAe/QEYUxdVMcJGMZZs=",
        "owner": "ipetkov",
        "repo": "crane",
        "rev": "7b5bd9e5acb2bb0cfba2d65f34d8568a894cdb6c",
        "type": "github"
      },
      "original": {
        "owner": "ipetkov",
        "repo": "crane",
        "type": "github"
      }
    },
    "crane_2": {
      "inputs": {
        "flake-compat": "flake-compat_2",
        "flake-utils": [
          "ragenix",
          "flake-utils"
        ],
        "nixpkgs": [
          "ragenix",
          "nixpkgs"
        ],
        "rust-overlay": [
          "ragenix",
          "rust-overlay"
        ]
      },
      "locked": {
        "lastModified": 1681680516,
        "narHash": "sha256-EB8Adaeg4zgcYDJn9sR6UMjN/OHdIiMMK19+3LmmXQY=",
        "owner": "ipetkov",
        "repo": "crane",
        "rev": "54b63c8eae4c50172cb50b612946ff1d2bc1c75c",
        "type": "github"
      },
      "original": {
        "owner": "ipetkov",
        "repo": "crane",
        "type": "github"
      }
    },
    "darwin": {
      "inputs": {
        "nixpkgs": [
          "ragenix",
          "agenix",
          "nixpkgs"
        ]
      },
      "locked": {
        "lastModified": 1673295039,
        "narHash": "sha256-AsdYgE8/GPwcelGgrntlijMg4t3hLFJFCRF3tL5WVjA=",
        "owner": "lnl7",
        "repo": "nix-darwin",
        "rev": "87b9d090ad39b25b2400029c64825fc2a8868943",
        "type": "github"
      },
      "original": {
        "owner": "lnl7",
        "ref": "master",
        "repo": "nix-darwin",
        "type": "github"
      }
    },
    "denote": {
      "flake": false,
      "locked": {
        "lastModified": 1685643771,
        "narHash": "sha256-oRR0Fy3upoURw9Hh6dAhigk3o1pcHh4Q8ClNi7p4jhI=",
        "ref": "refs/heads/main",
        "rev": "a1ce8115fa950ef9b7853bb0f7df73d9edf1c5f5",
        "revCount": 1310,
        "type": "git",
        "url": "https://git.sr.ht/~protesilaos/denote"
      },
      "original": {
        "type": "git",
        "url": "https://git.sr.ht/~protesilaos/denote"
      }
    },
    "emacs-overlay": {
      "inputs": {
        "flake-utils": "flake-utils",
        "nixpkgs": "nixpkgs",
        "nixpkgs-stable": "nixpkgs-stable"
      },
      "locked": {
        "lastModified": 1685757703,
        "narHash": "sha256-lLkc8VqX+iq+WXE+ZQ8pvKIqjs+BKIC34dkDLHRtYUA=",
        "owner": "nix-community",
        "repo": "emacs-overlay",
        "rev": "7951eca672c2b9e62919e70be3d2a3e13d7f87e4",
        "type": "github"
      },
      "original": {
        "owner": "nix-community",
        "repo": "emacs-overlay",
        "type": "github"
      }
    },
    "flake-compat": {
      "flake": false,
      "locked": {
        "lastModified": 1673956053,
        "narHash": "sha256-4gtG9iQuiKITOjNQQeQIpoIB6b16fm+504Ch3sNKLd8=",
        "owner": "edolstra",
        "repo": "flake-compat",
        "rev": "35bb57c0c8d8b62bbfd284272c928ceb64ddbde9",
        "type": "github"
      },
      "original": {
        "owner": "edolstra",
        "repo": "flake-compat",
        "type": "github"
      }
    },
    "flake-compat_2": {
      "flake": false,
      "locked": {
        "lastModified": 1673956053,
        "narHash": "sha256-4gtG9iQuiKITOjNQQeQIpoIB6b16fm+504Ch3sNKLd8=",
        "owner": "edolstra",
        "repo": "flake-compat",
        "rev": "35bb57c0c8d8b62bbfd284272c928ceb64ddbde9",
        "type": "github"
      },
      "original": {
        "owner": "edolstra",
        "repo": "flake-compat",
        "type": "github"
      }
    },
    "flake-compat_3": {
      "flake": false,
      "locked": {
        "lastModified": 1673956053,
        "narHash": "sha256-4gtG9iQuiKITOjNQQeQIpoIB6b16fm+504Ch3sNKLd8=",
        "owner": "edolstra",
        "repo": "flake-compat",
        "rev": "35bb57c0c8d8b62bbfd284272c928ceb64ddbde9",
        "type": "github"
      },
      "original": {
        "owner": "edolstra",
        "repo": "flake-compat",
        "type": "github"
      }
    },
    "flake-parts": {
      "inputs": {
        "nixpkgs-lib": [
          "lanzaboote",
          "nixpkgs"
        ]
      },
      "locked": {
        "lastModified": 1683560683,
        "narHash": "sha256-XAygPMN5Xnk/W2c1aW0jyEa6lfMDZWlQgiNtmHXytPc=",
        "owner": "hercules-ci",
        "repo": "flake-parts",
        "rev": "006c75898cf814ef9497252b022e91c946ba8e17",
        "type": "github"
      },
      "original": {
        "owner": "hercules-ci",
        "repo": "flake-parts",
        "type": "github"
      }
    },
    "flake-utils": {
      "inputs": {
        "systems": "systems"
      },
      "locked": {
        "lastModified": 1685518550,
        "narHash": "sha256-o2d0KcvaXzTrPRIo0kOLV0/QXHhDQ5DTi+OxcjO8xqY=",
        "owner": "numtide",
        "repo": "flake-utils",
        "rev": "a1720a10a6cfe8234c0e93907ffe81be440f4cef",
        "type": "github"
      },
      "original": {
        "owner": "numtide",
        "repo": "flake-utils",
        "type": "github"
      }
    },
    "flake-utils_2": {
      "inputs": {
        "systems": "systems_2"
      },
      "locked": {
        "lastModified": 1681202837,
        "narHash": "sha256-H+Rh19JDwRtpVPAWp64F+rlEtxUWBAQW28eAi3SRSzg=",
        "owner": "numtide",
        "repo": "flake-utils",
        "rev": "cfacdce06f30d2b68473a46042957675eebb3401",
        "type": "github"
      },
      "original": {
        "owner": "numtide",
        "repo": "flake-utils",
        "type": "github"
      }
    },
    "flake-utils_3": {
      "inputs": {
        "systems": "systems_3"
      },
      "locked": {
        "lastModified": 1681202837,
        "narHash": "sha256-H+Rh19JDwRtpVPAWp64F+rlEtxUWBAQW28eAi3SRSzg=",
        "owner": "numtide",
        "repo": "flake-utils",
        "rev": "cfacdce06f30d2b68473a46042957675eebb3401",
        "type": "github"
      },
      "original": {
        "owner": "numtide",
        "repo": "flake-utils",
        "type": "github"
      }
    },
    "gitignore": {
      "inputs": {
        "nixpkgs": [
          "lanzaboote",
          "pre-commit-hooks-nix",
          "nixpkgs"
        ]
      },
      "locked": {
        "lastModified": 1660459072,
        "narHash": "sha256-8DFJjXG8zqoONA1vXtgeKXy68KdJL5UaXR8NtVMUbx8=",
        "owner": "hercules-ci",
        "repo": "gitignore.nix",
        "rev": "a20de23b925fd8264fd7fad6454652e142fd7f73",
        "type": "github"
      },
      "original": {
        "owner": "hercules-ci",
        "repo": "gitignore.nix",
        "type": "github"
      }
    },
    "home-manager": {
      "inputs": {
        "nixpkgs": [
          "nixpkgs-unstable"
        ]
      },
      "locked": {
        "lastModified": 1685721552,
        "narHash": "sha256-ifvq/zlO7lck8q+YkC5uom/h8/MVdMcQEldOL3cDQW0=",
        "owner": "nix-community",
        "repo": "home-manager",
        "rev": "29519461834c08395b35f840811faf8c23e3b61c",
        "type": "github"
      },
      "original": {
        "owner": "nix-community",
        "repo": "home-manager",
        "type": "github"
      }
    },
    "hyprland": {
      "inputs": {
        "hyprland-protocols": "hyprland-protocols",
        "nixpkgs": "nixpkgs_2",
        "wlroots": "wlroots",
        "xdph": "xdph"
      },
      "locked": {
        "lastModified": 1685729674,
        "narHash": "sha256-i5+/bAZVmCbeIKmnwyd2DG3mGrP4LOJWbsU7nJ1lzuA=",
        "owner": "hyprwm",
        "repo": "Hyprland",
        "rev": "871ab24c6e9d2fb6e48cbf990ddddf0c46a950af",
        "type": "github"
      },
      "original": {
        "owner": "hyprwm",
        "repo": "Hyprland",
        "type": "github"
      }
    },
    "hyprland-protocols": {
      "inputs": {
        "nixpkgs": [
          "hyprland",
          "nixpkgs"
        ]
      },
      "locked": {
        "lastModified": 1684265364,
        "narHash": "sha256-AxNnWbthsuNx73HDQr0eBxrcE3+yfl/WsaXZqUFmkpQ=",
        "owner": "hyprwm",
        "repo": "hyprland-protocols",
        "rev": "8c279b9fb0f2b031427dc5ef4eab53f2ed835530",
        "type": "github"
      },
      "original": {
        "owner": "hyprwm",
        "repo": "hyprland-protocols",
        "type": "github"
      }
    },
    "isend-mode": {
      "flake": false,
      "locked": {
        "lastModified": 1682742933,
        "narHash": "sha256-6aioF3A+rs7HTRlahs2e8A51y3+fmIdEQFc2xGAgfP0=",
        "owner": "PhDyellow",
        "repo": "isend-mode.el",
        "rev": "699cb0900923d843cd3045718a0aa0d210ed1edc",
        "type": "github"
      },
      "original": {
        "owner": "PhDyellow",
        "repo": "isend-mode.el",
        "type": "github"
      }
    },
    "key-game": {
      "flake": false,
      "locked": {
        "lastModified": 1661521370,
        "narHash": "sha256-gev6XUlpCZw2IZ18AN8/4123bJL6rjL0bpWY+rwzuPM=",
        "owner": "tygrdev",
        "repo": "key-game",
        "rev": "64602d9feac520dfca1aa0c0bf5d0d854d6d20c1",
        "type": "gitlab"
      },
      "original": {
        "owner": "tygrdev",
        "repo": "key-game",
        "type": "gitlab"
      }
    },
    "lanzaboote": {
      "inputs": {
        "crane": "crane",
        "flake-compat": "flake-compat",
        "flake-parts": "flake-parts",
        "flake-utils": "flake-utils_2",
        "nixpkgs": [
          "nixpkgs-unstable"
        ],
        "pre-commit-hooks-nix": "pre-commit-hooks-nix",
        "rust-overlay": "rust-overlay"
      },
      "locked": {
        "lastModified": 1685709197,
        "narHash": "sha256-ASoXZVoXj6L9PzNDfuDrAxrqaDuH7e1qTzdzkOODu4M=",
        "owner": "nix-community",
        "repo": "lanzaboote",
        "rev": "e422970c1bc3351bb7a20cf6e30e78d975280ed3",
        "type": "github"
      },
      "original": {
        "owner": "nix-community",
        "repo": "lanzaboote",
        "type": "github"
      }
    },
    "nixos-hardware": {
      "locked": {
        "lastModified": 1684899633,
        "narHash": "sha256-NtwerXX8UFsoNy6k+DukJMriWtEjQtMU/Urbff2O2Dg=",
        "owner": "NixOS",
        "repo": "nixos-hardware",
        "rev": "4cc688ee711159b9bcb5a367be44007934e1a49d",
        "type": "github"
      },
      "original": {
        "owner": "NixOS",
        "ref": "master",
        "repo": "nixos-hardware",
        "type": "github"
      }
    },
    "nixpkgs": {
      "locked": {
        "lastModified": 1685655444,
        "narHash": "sha256-6EujQNAeaUkWvpEZZcVF8qSfQrNVWFNNGbUJxv/A5a8=",
        "owner": "NixOS",
        "repo": "nixpkgs",
        "rev": "e635192892f5abbc2289eaac3a73cdb249abaefd",
        "type": "github"
      },
      "original": {
        "owner": "NixOS",
        "ref": "nixos-unstable",
        "repo": "nixpkgs",
        "type": "github"
      }
    },
    "nixpkgs-stable": {
      "locked": {
        "lastModified": 1685650716,
        "narHash": "sha256-sDd7QIcMbIb37nuqMrJElvuyE5eVgWuKGtIPP8IWwCc=",
        "owner": "NixOS",
        "repo": "nixpkgs",
        "rev": "f7c1500e2eefa58f3c80dd046cba256e10440201",
        "type": "github"
      },
      "original": {
        "owner": "NixOS",
        "ref": "nixos-22.11",
        "repo": "nixpkgs",
        "type": "github"
      }
    },
    "nixpkgs-stable_2": {
      "locked": {
        "lastModified": 1678872516,
        "narHash": "sha256-/E1YwtMtFAu2KUQKV/1+KFuReYPANM2Rzehk84VxVoc=",
        "owner": "NixOS",
        "repo": "nixpkgs",
        "rev": "9b8e5abb18324c7fe9f07cb100c3cd4a29cda8b8",
        "type": "github"
      },
      "original": {
        "owner": "NixOS",
        "ref": "nixos-22.11",
        "repo": "nixpkgs",
        "type": "github"
      }
    },
    "nixpkgs-unstable": {
      "locked": {
        "lastModified": 1685655444,
        "narHash": "sha256-6EujQNAeaUkWvpEZZcVF8qSfQrNVWFNNGbUJxv/A5a8=",
        "owner": "NixOS",
        "repo": "nixpkgs",
        "rev": "e635192892f5abbc2289eaac3a73cdb249abaefd",
        "type": "github"
      },
      "original": {
        "owner": "NixOS",
        "ref": "nixos-unstable",
        "repo": "nixpkgs",
        "type": "github"
      }
    },
    "nixpkgs_2": {
      "locked": {
        "lastModified": 1685655444,
        "narHash": "sha256-6EujQNAeaUkWvpEZZcVF8qSfQrNVWFNNGbUJxv/A5a8=",
        "owner": "NixOS",
        "repo": "nixpkgs",
        "rev": "e635192892f5abbc2289eaac3a73cdb249abaefd",
        "type": "github"
      },
      "original": {
        "owner": "NixOS",
        "ref": "nixos-unstable",
        "repo": "nixpkgs",
        "type": "github"
      }
    },
    "nixpkgs_3": {
      "locked": {
        "lastModified": 1679318992,
        "narHash": "sha256-uoj5Oy6hruIHuxzfQZtcalObe5kPrX9v+ClUMFEOzmE=",
        "owner": "NixOS",
        "repo": "nixpkgs",
        "rev": "e2c97799da5f5cd87adfa5017fba971771e123ef",
        "type": "github"
      },
      "original": {
        "owner": "NixOS",
        "ref": "nixos-22.11",
        "repo": "nixpkgs",
        "type": "github"
      }
    },
    "nur": {
      "locked": {
        "lastModified": 1685767558,
        "narHash": "sha256-5WdTg7OsFW+u+zwztOJYXH4kTwYMadDM4O6JoQRq7I4=",
        "owner": "nix-community",
        "repo": "NUR",
        "rev": "03054d5b41ba1c5f08d42a0c382cbc692941d7fe",
        "type": "github"
      },
      "original": {
        "owner": "nix-community",
        "repo": "NUR",
        "type": "github"
      }
    },
    "objed": {
      "flake": false,
      "locked": {
        "lastModified": 1682744967,
        "narHash": "sha256-SnSwMnsbMp5NRbQ22dTJv/wGCtW10fEY33I+7DOfIpc=",
        "owner": "PhDyellow",
        "repo": "objed",
        "rev": "bf9b38af438d7b04633892bebaa9c19a6a918b80",
        "type": "github"
      },
      "original": {
        "owner": "PhDyellow",
        "ref": "main",
        "repo": "objed",
        "type": "github"
      }
    },
    "org-linker": {
      "flake": false,
      "locked": {
        "lastModified": 1606718856,
        "narHash": "sha256-tOvpQPH8PPdEJeN87paz3MiHrVZqOaRghNHJXm0k4yg=",
        "owner": "toshism",
        "repo": "org-linker",
        "rev": "b0311161d88b9886b64ff0b29e6b4c1bde6c571a",
        "type": "github"
      },
      "original": {
        "owner": "toshism",
        "repo": "org-linker",
        "type": "github"
      }
    },
    "org-linker-edna": {
      "flake": false,
      "locked": {
        "lastModified": 1639729126,
        "narHash": "sha256-mq9hN9I3ts/6jGwvBiOd0caizY3Mj86I7N15LyhSIkU=",
        "owner": "toshism",
        "repo": "org-linker-edna",
        "rev": "3237e64d522c4d8dd9ebe095c93bf19b987cb2d5",
        "type": "github"
      },
      "original": {
        "owner": "toshism",
        "repo": "org-linker-edna",
        "type": "github"
      }
    },
    "org-slt-phdyellow": {
      "flake": false,
      "locked": {
        "lastModified": 1683184332,
        "narHash": "sha256-LcJ5UU40zg0GqYOyUXFlTfx+hY7PbGo7tcOgzXQXkhs=",
        "owner": "PhDyellow",
        "repo": "org-slt-phdyellow",
        "rev": "2ff2c8de4340f09a057188aaaafc5d5a938ab9c7",
        "type": "github"
      },
      "original": {
        "owner": "PhDyellow",
        "ref": "main",
        "repo": "org-slt-phdyellow",
        "type": "github"
      }
    },
    "org-sltypes": {
      "flake": false,
      "locked": {
        "lastModified": 1683183761,
        "narHash": "sha256-PdSzfw2THIpYmnufKOS1gtPTrDg+ePffOsP+oNe3JWY=",
        "owner": "PhDyellow",
        "repo": "org-sltypes",
        "rev": "637b109e49dcc0d0b65d11335ec939da41dcc8bf",
        "type": "github"
      },
      "original": {
        "owner": "PhDyellow",
        "ref": "stable",
        "repo": "org-sltypes",
        "type": "github"
      }
    },
    "org-super-links": {
      "flake": false,
      "locked": {
        "lastModified": 1670961363,
        "narHash": "sha256-OWHUQBKp74sVIFbk8f7Xw7K11jPcR3HIVjpp5xiNwzs=",
        "owner": "toshism",
        "repo": "org-super-links",
        "rev": "0dd9ed22b4785f50c61051170db7c78b522a37ee",
        "type": "github"
      },
      "original": {
        "owner": "toshism",
        "repo": "org-super-links",
        "type": "github"
      }
    },
    "pre-commit-hooks-nix": {
      "inputs": {
        "flake-compat": [
          "lanzaboote",
          "flake-compat"
        ],
        "flake-utils": [
          "lanzaboote",
          "flake-utils"
        ],
        "gitignore": "gitignore",
        "nixpkgs": [
          "lanzaboote",
          "nixpkgs"
        ],
        "nixpkgs-stable": "nixpkgs-stable_2"
      },
      "locked": {
        "lastModified": 1682596858,
        "narHash": "sha256-Hf9XVpqaGqe/4oDGr30W8HlsWvJXtMsEPHDqHZA6dDg=",
        "owner": "cachix",
        "repo": "pre-commit-hooks.nix",
        "rev": "fb58866e20af98779017134319b5663b8215d912",
        "type": "github"
      },
      "original": {
        "owner": "cachix",
        "repo": "pre-commit-hooks.nix",
        "type": "github"
      }
    },
    "ragenix": {
      "inputs": {
        "agenix": "agenix",
        "crane": "crane_2",
        "flake-utils": "flake-utils_3",
        "nixpkgs": [
          "nixpkgs-unstable"
        ],
        "rust-overlay": "rust-overlay_2"
      },
      "locked": {
        "lastModified": 1682237245,
        "narHash": "sha256-xbBR7LNK+d5Yi/D6FXQGc1R6u2VV2nwr/Df5iaEbOEQ=",
        "owner": "yaxitech",
        "repo": "ragenix",
        "rev": "281f68c3d477904f79ff1cd5807a8c226cd80a50",
        "type": "github"
      },
      "original": {
        "owner": "yaxitech",
        "repo": "ragenix",
        "type": "github"
      }
    },
    "root": {
      "inputs": {
        "color-theme-buffer-local": "color-theme-buffer-local",
        "denote": "denote",
        "emacs-overlay": "emacs-overlay",
        "home-manager": "home-manager",
        "hyprland": "hyprland",
        "isend-mode": "isend-mode",
        "key-game": "key-game",
        "lanzaboote": "lanzaboote",
        "nixos-hardware": "nixos-hardware",
        "nixpkgs-unstable": "nixpkgs-unstable",
        "nur": "nur",
        "objed": "objed",
        "org-linker": "org-linker",
        "org-linker-edna": "org-linker-edna",
        "org-slt-phdyellow": "org-slt-phdyellow",
        "org-sltypes": "org-sltypes",
        "org-super-links": "org-super-links",
        "ragenix": "ragenix",
        "smart-tabs-mode": "smart-tabs-mode",
        "tuxedo-nixos": "tuxedo-nixos"
      }
    },
    "rust-overlay": {
      "inputs": {
        "flake-utils": [
          "lanzaboote",
          "flake-utils"
        ],
        "nixpkgs": [
          "lanzaboote",
          "nixpkgs"
        ]
      },
      "locked": {
        "lastModified": 1684030847,
        "narHash": "sha256-z4tOxaN9Cl8C80u6wyZBpPt9A9MbL21fZ3zdB/vG+AU=",
        "owner": "oxalica",
        "repo": "rust-overlay",
        "rev": "aa1480f16bec7dda3c62b8cdb184c7e823331ba2",
        "type": "github"
      },
      "original": {
        "owner": "oxalica",
        "repo": "rust-overlay",
        "type": "github"
      }
    },
    "rust-overlay_2": {
      "inputs": {
        "flake-utils": [
          "ragenix",
          "flake-utils"
        ],
        "nixpkgs": [
          "ragenix",
          "nixpkgs"
        ]
      },
      "locked": {
        "lastModified": 1682129965,
        "narHash": "sha256-1KRPIorEL6pLpJR04FwAqqnt4Tzcm4MqD84yhlD+XSk=",
        "owner": "oxalica",
        "repo": "rust-overlay",
        "rev": "2c417c0460b788328220120c698630947547ee83",
        "type": "github"
      },
      "original": {
        "owner": "oxalica",
        "repo": "rust-overlay",
        "type": "github"
      }
    },
    "smart-tabs-mode": {
      "flake": false,
      "locked": {
        "lastModified": 1674035768,
        "narHash": "sha256-vV/9exVeGXK461ALkwZ0j+odpSnoNY+L9N1rwesYHBg=",
        "owner": "chep",
        "repo": "smarttabs",
        "rev": "b81904f67cebf7109b0f9cfe271e102962bb42ae",
        "type": "github"
      },
      "original": {
        "owner": "chep",
        "ref": "macro-fix",
        "repo": "smarttabs",
        "type": "github"
      }
    },
    "systems": {
      "locked": {
        "lastModified": 1681028828,
        "narHash": "sha256-Vy1rq5AaRuLzOxct8nz4T6wlgyUR7zLU309k9mBC768=",
        "owner": "nix-systems",
        "repo": "default",
        "rev": "da67096a3b9bf56a91d16901293e51ba5b49a27e",
        "type": "github"
      },
      "original": {
        "owner": "nix-systems",
        "repo": "default",
        "type": "github"
      }
    },
    "systems_2": {
      "locked": {
        "lastModified": 1681028828,
        "narHash": "sha256-Vy1rq5AaRuLzOxct8nz4T6wlgyUR7zLU309k9mBC768=",
        "owner": "nix-systems",
        "repo": "default",
        "rev": "da67096a3b9bf56a91d16901293e51ba5b49a27e",
        "type": "github"
      },
      "original": {
        "owner": "nix-systems",
        "repo": "default",
        "type": "github"
      }
    },
    "systems_3": {
      "locked": {
        "lastModified": 1681028828,
        "narHash": "sha256-Vy1rq5AaRuLzOxct8nz4T6wlgyUR7zLU309k9mBC768=",
        "owner": "nix-systems",
        "repo": "default",
        "rev": "da67096a3b9bf56a91d16901293e51ba5b49a27e",
        "type": "github"
      },
      "original": {
        "owner": "nix-systems",
        "repo": "default",
        "type": "github"
      }
    },
    "tuxedo-nixos": {
      "inputs": {
        "flake-compat": "flake-compat_3",
        "nixpkgs": "nixpkgs_3"
      },
      "locked": {
        "lastModified": 1685384046,
        "narHash": "sha256-FJNQ93vlzIc0+CKsRGEBA3wdElPP2G8VSFV8U2jyhJA=",
        "owner": "blitz",
        "repo": "tuxedo-nixos",
        "rev": "3002821d13ff9b011a411f420d2aac36a394c433",
        "type": "github"
      },
      "original": {
        "owner": "blitz",
        "repo": "tuxedo-nixos",
        "type": "github"
      }
    },
    "wlroots": {
      "flake": false,
      "locked": {
        "host": "gitlab.freedesktop.org",
        "lastModified": 1685723274,
        "narHash": "sha256-mjETVZbVheaSO0VRKQHWYAHcoKwYu0WZ0vhKVN7vyRo=",
        "owner": "wlroots",
        "repo": "wlroots",
        "rev": "6668c822b3bf58ca5af5d370ef03b075be3e4d27",
        "type": "gitlab"
      },
      "original": {
        "host": "gitlab.freedesktop.org",
        "owner": "wlroots",
        "repo": "wlroots",
        "type": "gitlab"
      }
    },
    "xdph": {
      "inputs": {
        "hyprland-protocols": [
          "hyprland",
          "hyprland-protocols"
        ],
        "nixpkgs": [
          "hyprland",
          "nixpkgs"
        ]
      },
      "locked": {
        "lastModified": 1685385764,
        "narHash": "sha256-r+XMyOoRXq+hlfjayb+fyi9kq2JK48TrwuNIAXqlj7U=",
        "owner": "hyprwm",
        "repo": "xdg-desktop-portal-hyprland",
        "rev": "4d9ff0c17716936e0b5ca577a39e263633901ed1",
        "type": "github"
      },
      "original": {
        "owner": "hyprwm",
        "repo": "xdg-desktop-portal-hyprland",
        "type": "github"
      }
    }
  },
  "root": "root",
  "version": 7
}
