{
  "nodes": {
    "HTTP": {
      "flake": false,
      "locked": {
        "lastModified": 1451647621,
        "narHash": "sha256-oHIyw3x0iKBexEo49YeUDV1k74ZtyYKGR2gNJXXRxts=",
        "owner": "phadej",
        "repo": "HTTP",
        "rev": "9bc0996d412fef1787449d841277ef663ad9a915",
        "type": "github"
      },
      "original": {
        "owner": "phadej",
        "repo": "HTTP",
        "type": "github"
      }
    },
    "cabal-32": {
      "flake": false,
      "locked": {
        "lastModified": 1603716527,
        "narHash": "sha256-X0TFfdD4KZpwl0Zr6x+PLxUt/VyKQfX7ylXHdmZIL+w=",
        "owner": "haskell",
        "repo": "cabal",
        "rev": "48bf10787e27364730dd37a42b603cee8d6af7ee",
        "type": "github"
      },
      "original": {
        "owner": "haskell",
        "ref": "3.2",
        "repo": "cabal",
        "type": "github"
      }
    },
    "cabal-34": {
      "flake": false,
      "locked": {
        "lastModified": 1645834128,
        "narHash": "sha256-wG3d+dOt14z8+ydz4SL7pwGfe7SiimxcD/LOuPCV6xM=",
        "owner": "haskell",
        "repo": "cabal",
        "rev": "5ff598c67f53f7c4f48e31d722ba37172230c462",
        "type": "github"
      },
      "original": {
        "owner": "haskell",
        "ref": "3.4",
        "repo": "cabal",
        "type": "github"
      }
    },
    "cabal-36": {
      "flake": false,
      "locked": {
        "lastModified": 1669081697,
        "narHash": "sha256-I5or+V7LZvMxfbYgZATU4awzkicBwwok4mVoje+sGmU=",
        "owner": "haskell",
        "repo": "cabal",
        "rev": "8fd619e33d34924a94e691c5fea2c42f0fc7f144",
        "type": "github"
      },
      "original": {
        "owner": "haskell",
        "ref": "3.6",
        "repo": "cabal",
        "type": "github"
      }
    },
    "cardano-shell": {
      "flake": false,
      "locked": {
        "lastModified": 1608537748,
        "narHash": "sha256-PulY1GfiMgKVnBci3ex4ptk2UNYMXqGjJOxcPy2KYT4=",
        "owner": "input-output-hk",
        "repo": "cardano-shell",
        "rev": "9392c75087cb9a3d453998f4230930dea3a95725",
        "type": "github"
      },
      "original": {
        "owner": "input-output-hk",
        "repo": "cardano-shell",
        "type": "github"
      }
    },
    "color-theme-buffer-local": {
      "flake": false,
      "locked": {
        "lastModified": 1655838026,
        "narHash": "sha256-wZr3ozkaD2RlUFBwf5KIJjvqI/TihWMVi+lnjs4Of1U=",
        "owner": "matogoro",
        "repo": "color-theme-buffer-local",
        "rev": "1297c33dbc4277b39f5bf5606c5e4f25fce8d98e",
        "type": "github"
      },
      "original": {
        "owner": "matogoro",
        "repo": "color-theme-buffer-local",
        "type": "github"
      }
    },
    "crane": {
      "inputs": {
        "nixpkgs": [
          "lanzaboote",
          "nixpkgs"
        ]
      },
      "locked": {
        "lastModified": 1711299236,
        "narHash": "sha256-6/JsyozOMKN8LUGqWMopKTSiK8N79T8Q+hcxu2KkTXg=",
        "owner": "ipetkov",
        "repo": "crane",
        "rev": "880573f80d09e18a11713f402b9e6172a085449f",
        "type": "github"
      },
      "original": {
        "owner": "ipetkov",
        "repo": "crane",
        "type": "github"
      }
    },
    "darwin": {
      "inputs": {
        "nixpkgs": [
          "ragenix",
          "nixpkgs"
        ]
      },
      "locked": {
        "lastModified": 1700795494,
        "narHash": "sha256-gzGLZSiOhf155FW7262kdHo2YDeugp3VuIFb4/GGng0=",
        "owner": "lnl7",
        "repo": "nix-darwin",
        "rev": "4b9b83d5a92e8c1fbfd8eb27eda375908c11ec4d",
        "type": "github"
      },
      "original": {
        "owner": "lnl7",
        "ref": "master",
        "repo": "nix-darwin",
        "type": "github"
      }
    },
    "denote": {
      "flake": false,
      "locked": {
        "lastModified": 1704689597,
        "narHash": "sha256-nM8lMSiXm7xHG6/XD78dRFmPcZm1ttZh4FcuDd8Ldis=",
        "ref": "refs/heads/main",
        "rev": "87518c246861006fec96a017e30e15fa81421a9e",
        "revCount": 1730,
        "type": "git",
        "url": "https://git.sr.ht/~protesilaos/denote"
      },
      "original": {
        "type": "git",
        "url": "https://git.sr.ht/~protesilaos/denote"
      }
    },
    "emacs-overlay": {
      "inputs": {
        "flake-utils": "flake-utils",
        "nixpkgs": "nixpkgs",
        "nixpkgs-stable": "nixpkgs-stable"
      },
      "locked": {
        "lastModified": 1715305668,
        "narHash": "sha256-kOZzP9qLA+wvHp53qGNfqjF9qZe7R/bVDrIzWmRNn5M=",
        "owner": "nix-community",
        "repo": "emacs-overlay",
        "rev": "248d81eeb6153e7fe12f279f850b423b857516cf",
        "type": "github"
      },
      "original": {
        "owner": "nix-community",
        "repo": "emacs-overlay",
        "type": "github"
      }
    },
    "emacs-overlay-pinned-android": {
      "inputs": {
        "flake-utils": "flake-utils_2",
        "nixpkgs": "nixpkgs_2",
        "nixpkgs-stable": "nixpkgs-stable_2"
      },
      "locked": {
        "lastModified": 1715305668,
        "narHash": "sha256-kOZzP9qLA+wvHp53qGNfqjF9qZe7R/bVDrIzWmRNn5M=",
        "owner": "nix-community",
        "repo": "emacs-overlay",
        "rev": "248d81eeb6153e7fe12f279f850b423b857516cf",
        "type": "github"
      },
      "original": {
        "owner": "nix-community",
        "repo": "emacs-overlay",
        "type": "github"
      }
    },
    "flake-compat": {
      "flake": false,
      "locked": {
        "lastModified": 1696426674,
        "narHash": "sha256-kvjfFW7WAETZlt09AgDn1MrtKzP7t90Vf7vypd3OL1U=",
        "owner": "edolstra",
        "repo": "flake-compat",
        "rev": "0f9255e01c2351cc7d116c072cb317785dd33b33",
        "type": "github"
      },
      "original": {
        "owner": "edolstra",
        "repo": "flake-compat",
        "type": "github"
      }
    },
    "flake-compat_2": {
      "flake": false,
      "locked": {
        "lastModified": 1672831974,
        "narHash": "sha256-z9k3MfslLjWQfnjBtEtJZdq3H7kyi2kQtUThfTgdRk0=",
        "owner": "input-output-hk",
        "repo": "flake-compat",
        "rev": "45f2638735f8cdc40fe302742b79f248d23eb368",
        "type": "github"
      },
      "original": {
        "owner": "input-output-hk",
        "ref": "hkm/gitlab-fix",
        "repo": "flake-compat",
        "type": "github"
      }
    },
    "flake-parts": {
      "inputs": {
        "nixpkgs-lib": [
          "lanzaboote",
          "nixpkgs"
        ]
      },
      "locked": {
        "lastModified": 1709336216,
        "narHash": "sha256-Dt/wOWeW6Sqm11Yh+2+t0dfEWxoMxGBvv3JpIocFl9E=",
        "owner": "hercules-ci",
        "repo": "flake-parts",
        "rev": "f7b3c975cf067e56e7cda6cb098ebe3fb4d74ca2",
        "type": "github"
      },
      "original": {
        "owner": "hercules-ci",
        "repo": "flake-parts",
        "type": "github"
      }
    },
    "flake-utils": {
      "inputs": {
        "systems": "systems"
      },
      "locked": {
        "lastModified": 1710146030,
        "narHash": "sha256-SZ5L6eA7HJ/nmkzGG7/ISclqe6oZdOZTNoesiInkXPQ=",
        "owner": "numtide",
        "repo": "flake-utils",
        "rev": "b1d9ab70662946ef0850d488da1c9019f3a9752a",
        "type": "github"
      },
      "original": {
        "owner": "numtide",
        "repo": "flake-utils",
        "type": "github"
      }
    },
    "flake-utils_2": {
      "inputs": {
        "systems": "systems_2"
      },
      "locked": {
        "lastModified": 1710146030,
        "narHash": "sha256-SZ5L6eA7HJ/nmkzGG7/ISclqe6oZdOZTNoesiInkXPQ=",
        "owner": "numtide",
        "repo": "flake-utils",
        "rev": "b1d9ab70662946ef0850d488da1c9019f3a9752a",
        "type": "github"
      },
      "original": {
        "owner": "numtide",
        "repo": "flake-utils",
        "type": "github"
      }
    },
    "flake-utils_3": {
      "inputs": {
        "systems": "systems_3"
      },
      "locked": {
        "lastModified": 1710146030,
        "narHash": "sha256-SZ5L6eA7HJ/nmkzGG7/ISclqe6oZdOZTNoesiInkXPQ=",
        "owner": "numtide",
        "repo": "flake-utils",
        "rev": "b1d9ab70662946ef0850d488da1c9019f3a9752a",
        "type": "github"
      },
      "original": {
        "owner": "numtide",
        "repo": "flake-utils",
        "type": "github"
      }
    },
    "flake-utils_4": {
      "locked": {
        "lastModified": 1622445595,
        "narHash": "sha256-m+JRe6Wc5OZ/mKw2bB3+Tl0ZbtyxxxfnAWln8Q5qs+Y=",
        "owner": "numtide",
        "repo": "flake-utils",
        "rev": "7d706970d94bc5559077eb1a6600afddcd25a7c8",
        "type": "github"
      },
      "original": {
        "owner": "numtide",
        "repo": "flake-utils",
        "type": "github"
      }
    },
    "flake-utils_5": {
      "inputs": {
        "systems": "systems_5"
      },
      "locked": {
        "lastModified": 1710146030,
        "narHash": "sha256-SZ5L6eA7HJ/nmkzGG7/ISclqe6oZdOZTNoesiInkXPQ=",
        "owner": "numtide",
        "repo": "flake-utils",
        "rev": "b1d9ab70662946ef0850d488da1c9019f3a9752a",
        "type": "github"
      },
      "original": {
        "owner": "numtide",
        "repo": "flake-utils",
        "type": "github"
      }
    },
    "ghc-8.6.5-iohk": {
      "flake": false,
      "locked": {
        "lastModified": 1600920045,
        "narHash": "sha256-DO6kxJz248djebZLpSzTGD6s8WRpNI9BTwUeOf5RwY8=",
        "owner": "input-output-hk",
        "repo": "ghc",
        "rev": "95713a6ecce4551240da7c96b6176f980af75cae",
        "type": "github"
      },
      "original": {
        "owner": "input-output-hk",
        "ref": "release/8.6.5-iohk",
        "repo": "ghc",
        "type": "github"
      }
    },
    "ghc910X": {
      "flake": false,
      "locked": {
        "lastModified": 1713193157,
        "narHash": "sha256-XFkrSrDyzZGEinXD6gV2zuj/lD5gJbbJhF5E5mI+wpE=",
        "ref": "ghc-9.10",
        "rev": "26b6c7fdaf0ac6c5c68d76922c2339d0cfec6c6e",
        "revCount": 62642,
        "submodules": true,
        "type": "git",
        "url": "https://gitlab.haskell.org/ghc/ghc"
      },
      "original": {
        "ref": "ghc-9.10",
        "submodules": true,
        "type": "git",
        "url": "https://gitlab.haskell.org/ghc/ghc"
      }
    },
    "ghc911": {
      "flake": false,
      "locked": {
        "lastModified": 1713898958,
        "narHash": "sha256-eXmPTWrIRH7Px+G4V5Uy5LwTlgMI30IVTSLXz7Dhmd4=",
        "ref": "refs/heads/master",
        "rev": "3fff09779d5830549ae455a15907b7bb9fe7859a",
        "revCount": 62764,
        "submodules": true,
        "type": "git",
        "url": "https://gitlab.haskell.org/ghc/ghc"
      },
      "original": {
        "submodules": true,
        "type": "git",
        "url": "https://gitlab.haskell.org/ghc/ghc"
      }
    },
    "gitignore": {
      "inputs": {
        "nixpkgs": [
          "lanzaboote",
          "pre-commit-hooks-nix",
          "nixpkgs"
        ]
      },
      "locked": {
        "lastModified": 1709087332,
        "narHash": "sha256-HG2cCnktfHsKV0s4XW83gU3F57gaTljL9KNSuG6bnQs=",
        "owner": "hercules-ci",
        "repo": "gitignore.nix",
        "rev": "637db329424fd7e46cf4185293b9cc8c88c95394",
        "type": "github"
      },
      "original": {
        "owner": "hercules-ci",
        "repo": "gitignore.nix",
        "type": "github"
      }
    },
    "hackage": {
      "flake": false,
      "locked": {
        "lastModified": 1714782260,
        "narHash": "sha256-ajcjX3GE88spXjFDq+JxC0/DHuHTejZLdrL0POsQ24k=",
        "owner": "input-output-hk",
        "repo": "hackage.nix",
        "rev": "d876911c2af96fece27d728105c924a18a75c2a7",
        "type": "github"
      },
      "original": {
        "owner": "input-output-hk",
        "repo": "hackage.nix",
        "type": "github"
      }
    },
    "haskellNix": {
      "inputs": {
        "HTTP": "HTTP",
        "cabal-32": "cabal-32",
        "cabal-34": "cabal-34",
        "cabal-36": "cabal-36",
        "cardano-shell": "cardano-shell",
        "flake-compat": "flake-compat_2",
        "ghc-8.6.5-iohk": "ghc-8.6.5-iohk",
        "ghc910X": "ghc910X",
        "ghc911": "ghc911",
        "hackage": "hackage",
        "hls-1.10": "hls-1.10",
        "hls-2.0": "hls-2.0",
        "hls-2.2": "hls-2.2",
        "hls-2.3": "hls-2.3",
        "hls-2.4": "hls-2.4",
        "hls-2.5": "hls-2.5",
        "hls-2.6": "hls-2.6",
        "hls-2.7": "hls-2.7",
        "hpc-coveralls": "hpc-coveralls",
        "hydra": "hydra",
        "iserv-proxy": "iserv-proxy",
        "nixpkgs": [
          "pandoc-crossref",
          "haskellNix",
          "nixpkgs-unstable"
        ],
        "nixpkgs-2003": "nixpkgs-2003",
        "nixpkgs-2105": "nixpkgs-2105",
        "nixpkgs-2111": "nixpkgs-2111",
        "nixpkgs-2205": "nixpkgs-2205",
        "nixpkgs-2211": "nixpkgs-2211",
        "nixpkgs-2305": "nixpkgs-2305",
        "nixpkgs-2311": "nixpkgs-2311",
        "nixpkgs-unstable": "nixpkgs-unstable_2",
        "old-ghc-nix": "old-ghc-nix",
        "stackage": "stackage"
      },
      "locked": {
        "lastModified": 1714824498,
        "narHash": "sha256-vMdZsBgB73ae7fGAQJ5FOx/rC6v5GWpEGj8Y1rsPeJ8=",
        "owner": "input-output-hk",
        "repo": "haskell.nix",
        "rev": "5297ad9e688b8a6d1ae0e8297f5502bccb5511a5",
        "type": "github"
      },
      "original": {
        "owner": "input-output-hk",
        "repo": "haskell.nix",
        "type": "github"
      }
    },
    "hls-1.10": {
      "flake": false,
      "locked": {
        "lastModified": 1680000865,
        "narHash": "sha256-rc7iiUAcrHxwRM/s0ErEsSPxOR3u8t7DvFeWlMycWgo=",
        "owner": "haskell",
        "repo": "haskell-language-server",
        "rev": "b08691db779f7a35ff322b71e72a12f6e3376fd9",
        "type": "github"
      },
      "original": {
        "owner": "haskell",
        "ref": "1.10.0.0",
        "repo": "haskell-language-server",
        "type": "github"
      }
    },
    "hls-2.0": {
      "flake": false,
      "locked": {
        "lastModified": 1687698105,
        "narHash": "sha256-OHXlgRzs/kuJH8q7Sxh507H+0Rb8b7VOiPAjcY9sM1k=",
        "owner": "haskell",
        "repo": "haskell-language-server",
        "rev": "783905f211ac63edf982dd1889c671653327e441",
        "type": "github"
      },
      "original": {
        "owner": "haskell",
        "ref": "2.0.0.1",
        "repo": "haskell-language-server",
        "type": "github"
      }
    },
    "hls-2.2": {
      "flake": false,
      "locked": {
        "lastModified": 1693064058,
        "narHash": "sha256-8DGIyz5GjuCFmohY6Fa79hHA/p1iIqubfJUTGQElbNk=",
        "owner": "haskell",
        "repo": "haskell-language-server",
        "rev": "b30f4b6cf5822f3112c35d14a0cba51f3fe23b85",
        "type": "github"
      },
      "original": {
        "owner": "haskell",
        "ref": "2.2.0.0",
        "repo": "haskell-language-server",
        "type": "github"
      }
    },
    "hls-2.3": {
      "flake": false,
      "locked": {
        "lastModified": 1695910642,
        "narHash": "sha256-tR58doOs3DncFehHwCLczJgntyG/zlsSd7DgDgMPOkI=",
        "owner": "haskell",
        "repo": "haskell-language-server",
        "rev": "458ccdb55c9ea22cd5d13ec3051aaefb295321be",
        "type": "github"
      },
      "original": {
        "owner": "haskell",
        "ref": "2.3.0.0",
        "repo": "haskell-language-server",
        "type": "github"
      }
    },
    "hls-2.4": {
      "flake": false,
      "locked": {
        "lastModified": 1699862708,
        "narHash": "sha256-YHXSkdz53zd0fYGIYOgLt6HrA0eaRJi9mXVqDgmvrjk=",
        "owner": "haskell",
        "repo": "haskell-language-server",
        "rev": "54507ef7e85fa8e9d0eb9a669832a3287ffccd57",
        "type": "github"
      },
      "original": {
        "owner": "haskell",
        "ref": "2.4.0.1",
        "repo": "haskell-language-server",
        "type": "github"
      }
    },
    "hls-2.5": {
      "flake": false,
      "locked": {
        "lastModified": 1701080174,
        "narHash": "sha256-fyiR9TaHGJIIR0UmcCb73Xv9TJq3ht2ioxQ2mT7kVdc=",
        "owner": "haskell",
        "repo": "haskell-language-server",
        "rev": "27f8c3d3892e38edaef5bea3870161815c4d014c",
        "type": "github"
      },
      "original": {
        "owner": "haskell",
        "ref": "2.5.0.0",
        "repo": "haskell-language-server",
        "type": "github"
      }
    },
    "hls-2.6": {
      "flake": false,
      "locked": {
        "lastModified": 1705325287,
        "narHash": "sha256-+P87oLdlPyMw8Mgoul7HMWdEvWP/fNlo8jyNtwME8E8=",
        "owner": "haskell",
        "repo": "haskell-language-server",
        "rev": "6e0b342fa0327e628610f2711f8c3e4eaaa08b1e",
        "type": "github"
      },
      "original": {
        "owner": "haskell",
        "ref": "2.6.0.0",
        "repo": "haskell-language-server",
        "type": "github"
      }
    },
    "hls-2.7": {
      "flake": false,
      "locked": {
        "lastModified": 1708965829,
        "narHash": "sha256-LfJ+TBcBFq/XKoiNI7pc4VoHg4WmuzsFxYJ3Fu+Jf+M=",
        "owner": "haskell",
        "repo": "haskell-language-server",
        "rev": "50322b0a4aefb27adc5ec42f5055aaa8f8e38001",
        "type": "github"
      },
      "original": {
        "owner": "haskell",
        "ref": "2.7.0.0",
        "repo": "haskell-language-server",
        "type": "github"
      }
    },
    "home-manager": {
      "inputs": {
        "nixpkgs": [
          "nixpkgs-unstable"
        ]
      },
      "locked": {
        "lastModified": 1715077503,
        "narHash": "sha256-AfHQshzLQfUqk/efMtdebHaQHqVntCMjhymQzVFLes0=",
        "owner": "nix-community",
        "repo": "home-manager",
        "rev": "6e277d9566de9976f47228dd8c580b97488734d4",
        "type": "github"
      },
      "original": {
        "owner": "nix-community",
        "repo": "home-manager",
        "type": "github"
      }
    },
    "home-manager_2": {
      "inputs": {
        "nixpkgs": [
          "nix-on-droid",
          "nixpkgs"
        ],
        "utils": "utils"
      },
      "locked": {
        "lastModified": 1663932797,
        "narHash": "sha256-IH8ZBW99W2k7wKLS+Sat9HiKX1TPZjFTnsPizK5crok=",
        "owner": "nix-community",
        "repo": "home-manager",
        "rev": "de3758e31a3a1bc79d569f5deb5dac39791bf9b6",
        "type": "github"
      },
      "original": {
        "owner": "nix-community",
        "repo": "home-manager",
        "type": "github"
      }
    },
    "home-manager_3": {
      "inputs": {
        "nixpkgs": [
          "ragenix",
          "nixpkgs"
        ]
      },
      "locked": {
        "lastModified": 1703113217,
        "narHash": "sha256-7ulcXOk63TIT2lVDSExj7XzFx09LpdSAPtvgtM7yQPE=",
        "owner": "nix-community",
        "repo": "home-manager",
        "rev": "3bfaacf46133c037bb356193bd2f1765d9dc82c1",
        "type": "github"
      },
      "original": {
        "owner": "nix-community",
        "repo": "home-manager",
        "type": "github"
      }
    },
    "hpc-coveralls": {
      "flake": false,
      "locked": {
        "lastModified": 1607498076,
        "narHash": "sha256-8uqsEtivphgZWYeUo5RDUhp6bO9j2vaaProQxHBltQk=",
        "owner": "sevanspowell",
        "repo": "hpc-coveralls",
        "rev": "14df0f7d229f4cd2e79f8eabb1a740097fdfa430",
        "type": "github"
      },
      "original": {
        "owner": "sevanspowell",
        "repo": "hpc-coveralls",
        "type": "github"
      }
    },
    "hydra": {
      "inputs": {
        "nix": "nix",
        "nixpkgs": [
          "pandoc-crossref",
          "haskellNix",
          "hydra",
          "nix",
          "nixpkgs"
        ]
      },
      "locked": {
        "lastModified": 1671755331,
        "narHash": "sha256-hXsgJj0Cy0ZiCiYdW2OdBz5WmFyOMKuw4zyxKpgUKm4=",
        "owner": "NixOS",
        "repo": "hydra",
        "rev": "f48f00ee6d5727ae3e488cbf9ce157460853fea8",
        "type": "github"
      },
      "original": {
        "id": "hydra",
        "type": "indirect"
      }
    },
    "isend-mode": {
      "flake": false,
      "locked": {
        "lastModified": 1687305944,
        "narHash": "sha256-RGF6oXP+0NI7qYiFezBmab8FkPwGUvHuhhOLtAlf+l8=",
        "owner": "PhDyellow",
        "repo": "isend-mode.el",
        "rev": "f10046460b96611fdb360fdd4bc6afdb045ae7ce",
        "type": "github"
      },
      "original": {
        "owner": "PhDyellow",
        "repo": "isend-mode.el",
        "type": "github"
      }
    },
    "iserv-proxy": {
      "flake": false,
      "locked": {
        "lastModified": 1708894040,
        "narHash": "sha256-Rv+PajrnuJ6AeyhtqzMN+bcR8z9+aEnrUass+N951CQ=",
        "owner": "stable-haskell",
        "repo": "iserv-proxy",
        "rev": "2f2a318fd8837f8063a0d91f329aeae29055fba9",
        "type": "github"
      },
      "original": {
        "owner": "stable-haskell",
        "ref": "iserv-syms",
        "repo": "iserv-proxy",
        "type": "github"
      }
    },
    "key-game": {
      "flake": false,
      "locked": {
        "lastModified": 1711502196,
        "narHash": "sha256-3xjakwFqly5CpnA34Ah43fP/izcJL/krOM1j86vFIaQ=",
        "owner": "tygrdev",
        "repo": "key-game",
        "rev": "005f015a6caa098a007852202030c3e77fd88533",
        "type": "gitlab"
      },
      "original": {
        "owner": "tygrdev",
        "repo": "key-game",
        "type": "gitlab"
      }
    },
    "lanzaboote": {
      "inputs": {
        "crane": "crane",
        "flake-compat": "flake-compat",
        "flake-parts": "flake-parts",
        "flake-utils": "flake-utils_3",
        "nixpkgs": [
          "nixpkgs-unstable"
        ],
        "pre-commit-hooks-nix": "pre-commit-hooks-nix",
        "rust-overlay": "rust-overlay"
      },
      "locked": {
        "lastModified": 1713369831,
        "narHash": "sha256-G4OGxvlIIjphpkxcRAkf1QInYsAeqbfNh6Yl1JLy2uM=",
        "owner": "nix-community",
        "repo": "lanzaboote",
        "rev": "850f27322239f8cfa56b122cc9a278ab99a49015",
        "type": "github"
      },
      "original": {
        "owner": "nix-community",
        "repo": "lanzaboote",
        "type": "github"
      }
    },
    "lowdown-src": {
      "flake": false,
      "locked": {
        "lastModified": 1633514407,
        "narHash": "sha256-Dw32tiMjdK9t3ETl5fzGrutQTzh2rufgZV4A/BbxuD4=",
        "owner": "kristapsdz",
        "repo": "lowdown",
        "rev": "d2c2b44ff6c27b936ec27358a2653caaef8f73b8",
        "type": "github"
      },
      "original": {
        "owner": "kristapsdz",
        "repo": "lowdown",
        "type": "github"
      }
    },
    "nix": {
      "inputs": {
        "lowdown-src": "lowdown-src",
        "nixpkgs": "nixpkgs_5",
        "nixpkgs-regression": "nixpkgs-regression"
      },
      "locked": {
        "lastModified": 1661606874,
        "narHash": "sha256-9+rpYzI+SmxJn+EbYxjGv68Ucp22bdFUSy/4LkHkkDQ=",
        "owner": "NixOS",
        "repo": "nix",
        "rev": "11e45768b34fdafdcf019ddbd337afa16127ff0f",
        "type": "github"
      },
      "original": {
        "owner": "NixOS",
        "ref": "2.11.0",
        "repo": "nix",
        "type": "github"
      }
    },
    "nix-filter": {
      "locked": {
        "lastModified": 1710156097,
        "narHash": "sha256-1Wvk8UP7PXdf8bCCaEoMnOT1qe5/Duqgj+rL8sRQsSM=",
        "owner": "numtide",
        "repo": "nix-filter",
        "rev": "3342559a24e85fc164b295c3444e8a139924675b",
        "type": "github"
      },
      "original": {
        "owner": "numtide",
        "repo": "nix-filter",
        "type": "github"
      }
    },
    "nix-formatter-pack": {
      "inputs": {
        "nixpkgs": [
          "nix-on-droid",
          "nixpkgs"
        ],
        "nmd": "nmd",
        "nmt": "nmt"
      },
      "locked": {
        "lastModified": 1666720474,
        "narHash": "sha256-iWojjDS1D19zpeZXbBdjWb9MiKmVVFQCqtJmtTXgPx8=",
        "owner": "Gerschtli",
        "repo": "nix-formatter-pack",
        "rev": "14876cc8fe94a3d329964ecb073b4c988c7b61f5",
        "type": "github"
      },
      "original": {
        "owner": "Gerschtli",
        "repo": "nix-formatter-pack",
        "type": "github"
      }
    },
    "nix-github-actions": {
      "inputs": {
        "nixpkgs": [
          "openconnect-sso",
          "nixpkgs"
        ]
      },
      "locked": {
        "lastModified": 1701208414,
        "narHash": "sha256-xrQ0FyhwTZK6BwKhahIkUVZhMNk21IEI1nUcWSONtpo=",
        "owner": "nix-community",
        "repo": "nix-github-actions",
        "rev": "93e39cc1a087d65bcf7a132e75a650c44dd2b734",
        "type": "github"
      },
      "original": {
        "owner": "nix-community",
        "repo": "nix-github-actions",
        "type": "github"
      }
    },
    "nix-on-droid": {
      "inputs": {
        "home-manager": "home-manager_2",
        "nix-formatter-pack": "nix-formatter-pack",
        "nixpkgs": "nixpkgs_3",
        "nixpkgs-for-bootstrap": "nixpkgs-for-bootstrap",
        "nmd": "nmd_2"
      },
      "locked": {
        "lastModified": 1688144254,
        "narHash": "sha256-8KL1l/7eP2Zm1aJjdVaSOk0W5kTnJo9kcgW03gqWuiI=",
        "owner": "t184256",
        "repo": "nix-on-droid",
        "rev": "2301e01d48c90b60751005317de7a84a51a87eb6",
        "type": "github"
      },
      "original": {
        "owner": "t184256",
        "ref": "release-23.05",
        "repo": "nix-on-droid",
        "type": "github"
      }
    },
    "nixos-hardware": {
      "locked": {
        "lastModified": 1715148395,
        "narHash": "sha256-lRxjTxY3103LGMjWdVqntKZHhlmMX12QUjeFrQMmGaE=",
        "owner": "NixOS",
        "repo": "nixos-hardware",
        "rev": "a4e2b7909fc1bdf30c30ef21d388fde0b5cdde4a",
        "type": "github"
      },
      "original": {
        "owner": "NixOS",
        "ref": "master",
        "repo": "nixos-hardware",
        "type": "github"
      }
    },
    "nixpkgs": {
      "locked": {
        "lastModified": 1715087517,
        "narHash": "sha256-CLU5Tsg24Ke4+7sH8azHWXKd0CFd4mhLWfhYgUiDBpQ=",
        "owner": "NixOS",
        "repo": "nixpkgs",
        "rev": "b211b392b8486ee79df6cdfb1157ad2133427a29",
        "type": "github"
      },
      "original": {
        "owner": "NixOS",
        "ref": "nixos-unstable",
        "repo": "nixpkgs",
        "type": "github"
      }
    },
    "nixpkgs-2003": {
      "locked": {
        "lastModified": 1620055814,
        "narHash": "sha256-8LEHoYSJiL901bTMVatq+rf8y7QtWuZhwwpKE2fyaRY=",
        "owner": "NixOS",
        "repo": "nixpkgs",
        "rev": "1db42b7fe3878f3f5f7a4f2dc210772fd080e205",
        "type": "github"
      },
      "original": {
        "owner": "NixOS",
        "ref": "nixpkgs-20.03-darwin",
        "repo": "nixpkgs",
        "type": "github"
      }
    },
    "nixpkgs-2105": {
      "locked": {
        "lastModified": 1659914493,
        "narHash": "sha256-lkA5X3VNMKirvA+SUzvEhfA7XquWLci+CGi505YFAIs=",
        "owner": "NixOS",
        "repo": "nixpkgs",
        "rev": "022caabb5f2265ad4006c1fa5b1ebe69fb0c3faf",
        "type": "github"
      },
      "original": {
        "owner": "NixOS",
        "ref": "nixpkgs-21.05-darwin",
        "repo": "nixpkgs",
        "type": "github"
      }
    },
    "nixpkgs-2111": {
      "locked": {
        "lastModified": 1659446231,
        "narHash": "sha256-hekabNdTdgR/iLsgce5TGWmfIDZ86qjPhxDg/8TlzhE=",
        "owner": "NixOS",
        "repo": "nixpkgs",
        "rev": "eabc38219184cc3e04a974fe31857d8e0eac098d",
        "type": "github"
      },
      "original": {
        "owner": "NixOS",
        "ref": "nixpkgs-21.11-darwin",
        "repo": "nixpkgs",
        "type": "github"
      }
    },
    "nixpkgs-2205": {
      "locked": {
        "lastModified": 1685573264,
        "narHash": "sha256-Zffu01pONhs/pqH07cjlF10NnMDLok8ix5Uk4rhOnZQ=",
        "owner": "NixOS",
        "repo": "nixpkgs",
        "rev": "380be19fbd2d9079f677978361792cb25e8a3635",
        "type": "github"
      },
      "original": {
        "owner": "NixOS",
        "ref": "nixpkgs-22.05-darwin",
        "repo": "nixpkgs",
        "type": "github"
      }
    },
    "nixpkgs-2211": {
      "locked": {
        "lastModified": 1688392541,
        "narHash": "sha256-lHrKvEkCPTUO+7tPfjIcb7Trk6k31rz18vkyqmkeJfY=",
        "owner": "NixOS",
        "repo": "nixpkgs",
        "rev": "ea4c80b39be4c09702b0cb3b42eab59e2ba4f24b",
        "type": "github"
      },
      "original": {
        "owner": "NixOS",
        "ref": "nixpkgs-22.11-darwin",
        "repo": "nixpkgs",
        "type": "github"
      }
    },
    "nixpkgs-2305": {
      "locked": {
        "lastModified": 1701362232,
        "narHash": "sha256-GVdzxL0lhEadqs3hfRLuj+L1OJFGiL/L7gCcelgBlsw=",
        "owner": "NixOS",
        "repo": "nixpkgs",
        "rev": "d2332963662edffacfddfad59ff4f709dde80ffe",
        "type": "github"
      },
      "original": {
        "owner": "NixOS",
        "ref": "nixpkgs-23.05-darwin",
        "repo": "nixpkgs",
        "type": "github"
      }
    },
    "nixpkgs-2311": {
      "locked": {
        "lastModified": 1701386440,
        "narHash": "sha256-xI0uQ9E7JbmEy/v8kR9ZQan6389rHug+zOtZeZFiDJk=",
        "owner": "NixOS",
        "repo": "nixpkgs",
        "rev": "293822e55ec1872f715a66d0eda9e592dc14419f",
        "type": "github"
      },
      "original": {
        "owner": "NixOS",
        "ref": "nixpkgs-23.11-darwin",
        "repo": "nixpkgs",
        "type": "github"
      }
    },
    "nixpkgs-for-bootstrap": {
      "locked": {
        "lastModified": 1686921029,
        "narHash": "sha256-J1bX9plPCFhTSh6E3TWn9XSxggBh/zDD4xigyaIQBy8=",
        "owner": "NixOS",
        "repo": "nixpkgs",
        "rev": "c7ff1b9b95620ce8728c0d7bd501c458e6da9e04",
        "type": "github"
      },
      "original": {
        "owner": "NixOS",
        "repo": "nixpkgs",
        "rev": "c7ff1b9b95620ce8728c0d7bd501c458e6da9e04",
        "type": "github"
      }
    },
    "nixpkgs-regression": {
      "locked": {
        "lastModified": 1643052045,
        "narHash": "sha256-uGJ0VXIhWKGXxkeNnq4TvV3CIOkUJ3PAoLZ3HMzNVMw=",
        "owner": "NixOS",
        "repo": "nixpkgs",
        "rev": "215d4d0fd80ca5163643b03a33fde804a29cc1e2",
        "type": "github"
      },
      "original": {
        "owner": "NixOS",
        "repo": "nixpkgs",
        "rev": "215d4d0fd80ca5163643b03a33fde804a29cc1e2",
        "type": "github"
      }
    },
    "nixpkgs-stable": {
      "locked": {
        "lastModified": 1715106579,
        "narHash": "sha256-gZMgKEGiK6YrwGBiccZ1gemiUwjsZ1Zv49KYOgmX2fY=",
        "owner": "NixOS",
        "repo": "nixpkgs",
        "rev": "8be0d8a1ed4f96d99b09aa616e2afd47acc3da89",
        "type": "github"
      },
      "original": {
        "owner": "NixOS",
        "ref": "nixos-23.11",
        "repo": "nixpkgs",
        "type": "github"
      }
    },
    "nixpkgs-stable_2": {
      "locked": {
        "lastModified": 1715106579,
        "narHash": "sha256-gZMgKEGiK6YrwGBiccZ1gemiUwjsZ1Zv49KYOgmX2fY=",
        "owner": "NixOS",
        "repo": "nixpkgs",
        "rev": "8be0d8a1ed4f96d99b09aa616e2afd47acc3da89",
        "type": "github"
      },
      "original": {
        "owner": "NixOS",
        "ref": "nixos-23.11",
        "repo": "nixpkgs",
        "type": "github"
      }
    },
    "nixpkgs-stable_3": {
      "locked": {
        "lastModified": 1710695816,
        "narHash": "sha256-3Eh7fhEID17pv9ZxrPwCLfqXnYP006RKzSs0JptsN84=",
        "owner": "NixOS",
        "repo": "nixpkgs",
        "rev": "614b4613980a522ba49f0d194531beddbb7220d3",
        "type": "github"
      },
      "original": {
        "owner": "NixOS",
        "ref": "nixos-23.11",
        "repo": "nixpkgs",
        "type": "github"
      }
    },
    "nixpkgs-unstable": {
      "locked": {
        "lastModified": 1715318091,
        "narHash": "sha256-MuXu6H2jKHRxw2BUaepNLUvFZiIuzZxsvKygFS+V5bo=",
        "owner": "PhDyellow",
        "repo": "nixpkgs",
        "rev": "d2211ee28cb6de99311adf2604138be7121eadb8",
        "type": "github"
      },
      "original": {
        "owner": "PhDyellow",
        "ref": "ryzen_monitor_fix",
        "repo": "nixpkgs",
        "type": "github"
      }
    },
    "nixpkgs-unstable_2": {
      "locked": {
        "lastModified": 1694822471,
        "narHash": "sha256-6fSDCj++lZVMZlyqOe9SIOL8tYSBz1bI8acwovRwoX8=",
        "owner": "NixOS",
        "repo": "nixpkgs",
        "rev": "47585496bcb13fb72e4a90daeea2f434e2501998",
        "type": "github"
      },
      "original": {
        "owner": "NixOS",
        "repo": "nixpkgs",
        "rev": "47585496bcb13fb72e4a90daeea2f434e2501998",
        "type": "github"
      }
    },
    "nixpkgs_2": {
      "locked": {
        "lastModified": 1715087517,
        "narHash": "sha256-CLU5Tsg24Ke4+7sH8azHWXKd0CFd4mhLWfhYgUiDBpQ=",
        "owner": "NixOS",
        "repo": "nixpkgs",
        "rev": "b211b392b8486ee79df6cdfb1157ad2133427a29",
        "type": "github"
      },
      "original": {
        "owner": "NixOS",
        "ref": "nixos-unstable",
        "repo": "nixpkgs",
        "type": "github"
      }
    },
    "nixpkgs_3": {
      "locked": {
        "lastModified": 1664019863,
        "narHash": "sha256-nXRRSPr2Jntx2hdZZMkds1fSDNUyw9N/wMtdcQ8VElU=",
        "owner": "NixOS",
        "repo": "nixpkgs",
        "rev": "9c64b91d14268cf20ea07ea7930479a75325af9f",
        "type": "github"
      },
      "original": {
        "owner": "NixOS",
        "repo": "nixpkgs",
        "type": "github"
      }
    },
    "nixpkgs_4": {
      "locked": {
        "lastModified": 1700794826,
        "narHash": "sha256-RyJTnTNKhO0yqRpDISk03I/4A67/dp96YRxc86YOPgU=",
        "owner": "NixOS",
        "repo": "nixpkgs",
        "rev": "5a09cb4b393d58f9ed0d9ca1555016a8543c2ac8",
        "type": "github"
      },
      "original": {
        "id": "nixpkgs",
        "type": "indirect"
      }
    },
    "nixpkgs_5": {
      "locked": {
        "lastModified": 1657693803,
        "narHash": "sha256-G++2CJ9u0E7NNTAi9n5G8TdDmGJXcIjkJ3NF8cetQB8=",
        "owner": "NixOS",
        "repo": "nixpkgs",
        "rev": "365e1b3a859281cf11b94f87231adeabbdd878a2",
        "type": "github"
      },
      "original": {
        "owner": "NixOS",
        "ref": "nixos-22.05-small",
        "repo": "nixpkgs",
        "type": "github"
      }
    },
    "nmd": {
      "flake": false,
      "locked": {
        "lastModified": 1666190571,
        "narHash": "sha256-Z1hc7M9X6L+H83o9vOprijpzhTfOBjd0KmUTnpHAVjA=",
        "owner": "rycee",
        "repo": "nmd",
        "rev": "b75d312b4f33bd3294cd8ae5c2ca8c6da2afc169",
        "type": "gitlab"
      },
      "original": {
        "owner": "rycee",
        "repo": "nmd",
        "type": "gitlab"
      }
    },
    "nmd_2": {
      "flake": false,
      "locked": {
        "lastModified": 1666190571,
        "narHash": "sha256-Z1hc7M9X6L+H83o9vOprijpzhTfOBjd0KmUTnpHAVjA=",
        "owner": "rycee",
        "repo": "nmd",
        "rev": "b75d312b4f33bd3294cd8ae5c2ca8c6da2afc169",
        "type": "gitlab"
      },
      "original": {
        "owner": "rycee",
        "repo": "nmd",
        "type": "gitlab"
      }
    },
    "nmt": {
      "flake": false,
      "locked": {
        "lastModified": 1648075362,
        "narHash": "sha256-u36WgzoA84dMVsGXzml4wZ5ckGgfnvS0ryzo/3zn/Pc=",
        "owner": "rycee",
        "repo": "nmt",
        "rev": "d83601002c99b78c89ea80e5e6ba21addcfe12ae",
        "type": "gitlab"
      },
      "original": {
        "owner": "rycee",
        "repo": "nmt",
        "type": "gitlab"
      }
    },
    "nur": {
      "locked": {
        "lastModified": 1715314820,
        "narHash": "sha256-il4Du63T3VunuMxzJKVjcKKcRXtYpouGsTHGZCO1QtY=",
        "owner": "nix-community",
        "repo": "NUR",
        "rev": "15a90dae5c4ea422e794c2e0b241c773c38cae53",
        "type": "github"
      },
      "original": {
        "owner": "nix-community",
        "repo": "NUR",
        "type": "github"
      }
    },
    "objed": {
      "flake": false,
      "locked": {
        "lastModified": 1682744967,
        "narHash": "sha256-SnSwMnsbMp5NRbQ22dTJv/wGCtW10fEY33I+7DOfIpc=",
        "owner": "PhDyellow",
        "repo": "objed",
        "rev": "bf9b38af438d7b04633892bebaa9c19a6a918b80",
        "type": "github"
      },
      "original": {
        "owner": "PhDyellow",
        "ref": "main",
        "repo": "objed",
        "type": "github"
      }
    },
    "old-ghc-nix": {
      "flake": false,
      "locked": {
        "lastModified": 1631092763,
        "narHash": "sha256-sIKgO+z7tj4lw3u6oBZxqIhDrzSkvpHtv0Kki+lh9Fg=",
        "owner": "angerman",
        "repo": "old-ghc-nix",
        "rev": "af48a7a7353e418119b6dfe3cd1463a657f342b8",
        "type": "github"
      },
      "original": {
        "owner": "angerman",
        "ref": "master",
        "repo": "old-ghc-nix",
        "type": "github"
      }
    },
    "openconnect-sso": {
      "inputs": {
        "flake-utils": "flake-utils_4",
        "nix-github-actions": "nix-github-actions",
        "nixpkgs": "nixpkgs_4",
        "poetry2nix": "poetry2nix",
        "systems": "systems_4",
        "treefmt-nix": "treefmt-nix"
      },
      "locked": {
        "lastModified": 1701455376,
        "narHash": "sha256-FMLrMdi6JY7ZfqV5XnNj64jnDcGKznKZLn7O6OMO3u0=",
        "owner": "ThinkChaos",
        "repo": "openconnect-sso",
        "rev": "20c0015c4264c72cc19ac272de0dc534309bd21b",
        "type": "github"
      },
      "original": {
        "owner": "ThinkChaos",
        "ref": "fix/nix-flake",
        "repo": "openconnect-sso",
        "type": "github"
      }
    },
    "org-linker": {
      "flake": false,
      "locked": {
        "lastModified": 1606718856,
        "narHash": "sha256-tOvpQPH8PPdEJeN87paz3MiHrVZqOaRghNHJXm0k4yg=",
        "owner": "toshism",
        "repo": "org-linker",
        "rev": "b0311161d88b9886b64ff0b29e6b4c1bde6c571a",
        "type": "github"
      },
      "original": {
        "owner": "toshism",
        "repo": "org-linker",
        "type": "github"
      }
    },
    "org-linker-edna": {
      "flake": false,
      "locked": {
        "lastModified": 1639729126,
        "narHash": "sha256-mq9hN9I3ts/6jGwvBiOd0caizY3Mj86I7N15LyhSIkU=",
        "owner": "toshism",
        "repo": "org-linker-edna",
        "rev": "3237e64d522c4d8dd9ebe095c93bf19b987cb2d5",
        "type": "github"
      },
      "original": {
        "owner": "toshism",
        "repo": "org-linker-edna",
        "type": "github"
      }
    },
    "org-slt-phdyellow": {
      "flake": false,
      "locked": {
        "lastModified": 1692160327,
        "narHash": "sha256-VzcdMJMRqW5oXowq5iL/uSl9zCud15mo1hrnCBKWjVQ=",
        "owner": "PhDyellow",
        "repo": "org-slt-phdyellow",
        "rev": "9cc786ccedf5c7282ad03aa2c5b61fd0db47995d",
        "type": "github"
      },
      "original": {
        "owner": "PhDyellow",
        "ref": "main",
        "repo": "org-slt-phdyellow",
        "type": "github"
      }
    },
    "org-sltypes": {
      "flake": false,
      "locked": {
        "lastModified": 1692230492,
        "narHash": "sha256-Xj0Mq+yJ4uoFpEyNceQFVwlB2WZJ4QxhsBzE+OuXRyc=",
        "owner": "PhDyellow",
        "repo": "org-sltypes",
        "rev": "c75350ea1761475ceed543c5443bc5d7294efd31",
        "type": "github"
      },
      "original": {
        "owner": "PhDyellow",
        "ref": "stable",
        "repo": "org-sltypes",
        "type": "github"
      }
    },
    "org-super-links": {
      "flake": false,
      "locked": {
        "lastModified": 1670961363,
        "narHash": "sha256-OWHUQBKp74sVIFbk8f7Xw7K11jPcR3HIVjpp5xiNwzs=",
        "owner": "toshism",
        "repo": "org-super-links",
        "rev": "0dd9ed22b4785f50c61051170db7c78b522a37ee",
        "type": "github"
      },
      "original": {
        "owner": "toshism",
        "repo": "org-super-links",
        "type": "github"
      }
    },
    "org-transclusion": {
      "flake": false,
      "locked": {
        "lastModified": 1713626211,
        "narHash": "sha256-HseI0ceBiOE2E6hqY8e9bfnaVbV1ETVb4mtSrAxDziw=",
        "owner": "nobiot",
        "repo": "org-transclusion",
        "rev": "b23ead229c651772c1406e052b9eff41fec71738",
        "type": "github"
      },
      "original": {
        "owner": "nobiot",
        "ref": "main",
        "repo": "org-transclusion",
        "type": "github"
      }
    },
    "pandoc-crossref": {
      "inputs": {
        "flake-utils": "flake-utils_5",
        "haskellNix": "haskellNix",
        "nix-filter": "nix-filter",
        "nixpkgs": [
          "pandoc-crossref",
          "haskellNix",
          "nixpkgs-unstable"
        ]
      },
      "locked": {
        "lastModified": 1714862238,
        "narHash": "sha256-gFGXUrjIuLBFNWXgKB5AXsoPA6FyLvtKA7ytke/tnxM=",
        "owner": "lierdakil",
        "repo": "pandoc-crossref",
        "rev": "e9a92b62da72cc5c418641aa3d83ba93317a6bc8",
        "type": "github"
      },
      "original": {
        "owner": "lierdakil",
        "repo": "pandoc-crossref",
        "type": "github"
      }
    },
    "poetry2nix": {
      "inputs": {
        "flake-utils": [
          "openconnect-sso",
          "flake-utils"
        ],
        "nix-github-actions": [
          "openconnect-sso",
          "nix-github-actions"
        ],
        "nixpkgs": [
          "openconnect-sso",
          "nixpkgs"
        ],
        "systems": [
          "openconnect-sso",
          "systems"
        ],
        "treefmt-nix": [
          "openconnect-sso",
          "treefmt-nix"
        ]
      },
      "locked": {
        "lastModified": 1701105783,
        "narHash": "sha256-5IOI0xXGbhAkUZNNcPId48V78Q+/JlW0hzlif0zxRmM=",
        "owner": "nix-community",
        "repo": "poetry2nix",
        "rev": "0b2bff39e9bd4e6db3208e09c276ca83a063b370",
        "type": "github"
      },
      "original": {
        "owner": "nix-community",
        "repo": "poetry2nix",
        "type": "github"
      }
    },
    "pre-commit-hooks-nix": {
      "inputs": {
        "flake-compat": [
          "lanzaboote",
          "flake-compat"
        ],
        "flake-utils": [
          "lanzaboote",
          "flake-utils"
        ],
        "gitignore": "gitignore",
        "nixpkgs": [
          "lanzaboote",
          "nixpkgs"
        ],
        "nixpkgs-stable": "nixpkgs-stable_3"
      },
      "locked": {
        "lastModified": 1710923068,
        "narHash": "sha256-6hOpUiuxuwpXXc/xfJsBUJeqqgGI+JMJuLo45aG3cKc=",
        "owner": "cachix",
        "repo": "pre-commit-hooks.nix",
        "rev": "e611897ddfdde3ed3eaac4758635d7177ff78673",
        "type": "github"
      },
      "original": {
        "owner": "cachix",
        "repo": "pre-commit-hooks.nix",
        "type": "github"
      }
    },
    "ragenix": {
      "inputs": {
        "darwin": "darwin",
        "home-manager": "home-manager_3",
        "nixpkgs": [
          "nixpkgs-unstable"
        ],
        "systems": "systems_6"
      },
      "locked": {
        "lastModified": 1715290355,
        "narHash": "sha256-2T7CHTqBXJJ3ZC6R/4TXTcKoXWHcvubKNj9SfomURnw=",
        "owner": "ryantm",
        "repo": "agenix",
        "rev": "8d37c5bdeade12b6479c85acd133063ab53187a0",
        "type": "github"
      },
      "original": {
        "owner": "ryantm",
        "repo": "agenix",
        "type": "github"
      }
    },
    "root": {
      "inputs": {
        "color-theme-buffer-local": "color-theme-buffer-local",
        "denote": "denote",
        "emacs-overlay": "emacs-overlay",
        "emacs-overlay-pinned-android": "emacs-overlay-pinned-android",
        "home-manager": "home-manager",
        "isend-mode": "isend-mode",
        "key-game": "key-game",
        "lanzaboote": "lanzaboote",
        "nix-on-droid": "nix-on-droid",
        "nixos-hardware": "nixos-hardware",
        "nixpkgs-unstable": "nixpkgs-unstable",
        "nur": "nur",
        "objed": "objed",
        "openconnect-sso": "openconnect-sso",
        "org-linker": "org-linker",
        "org-linker-edna": "org-linker-edna",
        "org-slt-phdyellow": "org-slt-phdyellow",
        "org-sltypes": "org-sltypes",
        "org-super-links": "org-super-links",
        "org-transclusion": "org-transclusion",
        "pandoc-crossref": "pandoc-crossref",
        "ragenix": "ragenix",
        "smart-tabs-mode": "smart-tabs-mode"
      }
    },
    "rust-overlay": {
      "inputs": {
        "flake-utils": [
          "lanzaboote",
          "flake-utils"
        ],
        "nixpkgs": [
          "lanzaboote",
          "nixpkgs"
        ]
      },
      "locked": {
        "lastModified": 1711246447,
        "narHash": "sha256-g9TOluObcOEKewFo2fR4cn51Y/jSKhRRo4QZckHLop0=",
        "owner": "oxalica",
        "repo": "rust-overlay",
        "rev": "dcc802a6ec4e9cc6a1c8c393327f0c42666f22e4",
        "type": "github"
      },
      "original": {
        "owner": "oxalica",
        "repo": "rust-overlay",
        "type": "github"
      }
    },
    "smart-tabs-mode": {
      "flake": false,
      "locked": {
        "lastModified": 1674035768,
        "narHash": "sha256-vV/9exVeGXK461ALkwZ0j+odpSnoNY+L9N1rwesYHBg=",
        "owner": "chep",
        "repo": "smarttabs",
        "rev": "b81904f67cebf7109b0f9cfe271e102962bb42ae",
        "type": "github"
      },
      "original": {
        "owner": "chep",
        "ref": "macro-fix",
        "repo": "smarttabs",
        "type": "github"
      }
    },
    "stackage": {
      "flake": false,
      "locked": {
        "lastModified": 1714781496,
        "narHash": "sha256-6YWH+AMeOCRwT8iuQsmdj0hI5U1UpQC/vCrA+OycLrU=",
        "owner": "input-output-hk",
        "repo": "stackage.nix",
        "rev": "8869b1bdae290bce8c496aaba4e4083a3be2dc0b",
        "type": "github"
      },
      "original": {
        "owner": "input-output-hk",
        "repo": "stackage.nix",
        "type": "github"
      }
    },
    "systems": {
      "locked": {
        "lastModified": 1681028828,
        "narHash": "sha256-Vy1rq5AaRuLzOxct8nz4T6wlgyUR7zLU309k9mBC768=",
        "owner": "nix-systems",
        "repo": "default",
        "rev": "da67096a3b9bf56a91d16901293e51ba5b49a27e",
        "type": "github"
      },
      "original": {
        "owner": "nix-systems",
        "repo": "default",
        "type": "github"
      }
    },
    "systems_2": {
      "locked": {
        "lastModified": 1681028828,
        "narHash": "sha256-Vy1rq5AaRuLzOxct8nz4T6wlgyUR7zLU309k9mBC768=",
        "owner": "nix-systems",
        "repo": "default",
        "rev": "da67096a3b9bf56a91d16901293e51ba5b49a27e",
        "type": "github"
      },
      "original": {
        "owner": "nix-systems",
        "repo": "default",
        "type": "github"
      }
    },
    "systems_3": {
      "locked": {
        "lastModified": 1681028828,
        "narHash": "sha256-Vy1rq5AaRuLzOxct8nz4T6wlgyUR7zLU309k9mBC768=",
        "owner": "nix-systems",
        "repo": "default",
        "rev": "da67096a3b9bf56a91d16901293e51ba5b49a27e",
        "type": "github"
      },
      "original": {
        "owner": "nix-systems",
        "repo": "default",
        "type": "github"
      }
    },
    "systems_4": {
      "locked": {
        "lastModified": 1681028828,
        "narHash": "sha256-Vy1rq5AaRuLzOxct8nz4T6wlgyUR7zLU309k9mBC768=",
        "owner": "nix-systems",
        "repo": "default",
        "rev": "da67096a3b9bf56a91d16901293e51ba5b49a27e",
        "type": "github"
      },
      "original": {
        "owner": "nix-systems",
        "repo": "default",
        "type": "github"
      }
    },
    "systems_5": {
      "locked": {
        "lastModified": 1681028828,
        "narHash": "sha256-Vy1rq5AaRuLzOxct8nz4T6wlgyUR7zLU309k9mBC768=",
        "owner": "nix-systems",
        "repo": "default",
        "rev": "da67096a3b9bf56a91d16901293e51ba5b49a27e",
        "type": "github"
      },
      "original": {
        "owner": "nix-systems",
        "repo": "default",
        "type": "github"
      }
    },
    "systems_6": {
      "locked": {
        "lastModified": 1681028828,
        "narHash": "sha256-Vy1rq5AaRuLzOxct8nz4T6wlgyUR7zLU309k9mBC768=",
        "owner": "nix-systems",
        "repo": "default",
        "rev": "da67096a3b9bf56a91d16901293e51ba5b49a27e",
        "type": "github"
      },
      "original": {
        "owner": "nix-systems",
        "repo": "default",
        "type": "github"
      }
    },
    "treefmt-nix": {
      "inputs": {
        "nixpkgs": [
          "openconnect-sso",
          "nixpkgs"
        ]
      },
      "locked": {
        "lastModified": 1699786194,
        "narHash": "sha256-3h3EH1FXQkIeAuzaWB+nK0XK54uSD46pp+dMD3gAcB4=",
        "owner": "numtide",
        "repo": "treefmt-nix",
        "rev": "e82f32aa7f06bbbd56d7b12186d555223dc399d1",
        "type": "github"
      },
      "original": {
        "owner": "numtide",
        "repo": "treefmt-nix",
        "type": "github"
      }
    },
    "utils": {
      "locked": {
        "lastModified": 1659877975,
        "narHash": "sha256-zllb8aq3YO3h8B/U0/J1WBgAL8EX5yWf5pMj3G0NAmc=",
        "owner": "numtide",
        "repo": "flake-utils",
        "rev": "c0e246b9b83f637f4681389ecabcb2681b4f3af0",
        "type": "github"
      },
      "original": {
        "owner": "numtide",
        "repo": "flake-utils",
        "type": "github"
      }
    }
  },
  "root": "root",
  "version": 7
}
